// !$*UTF8*$!
{
	archiveVersion = 1;
	classes = {
	};
	objectVersion = 54;
	objects = {

/* Begin PBXBuildFile section */
		2451ECC829EA10A100DE3F8B /* TestNotificationMetaData.swift in Sources */ = {isa = PBXBuildFile; fileRef = 2451ECC729EA10A100DE3F8B /* TestNotificationMetaData.swift */; };
		24ACC90B29C8E4B10043AEA0 /* SudoNotificationIntegrationTests.swift in Sources */ = {isa = PBXBuildFile; fileRef = 24ACC90A29C8E4B10043AEA0 /* SudoNotificationIntegrationTests.swift */; };
		24ACC90C29C8E4B10043AEA0 /* SudoNotification.framework in Frameworks */ = {isa = PBXBuildFile; fileRef = 24D1508429A57A9F0032F08D /* SudoNotification.framework */; platformFilter = ios; };
		24ACC91329C8E4EB0043AEA0 /* BaseIntegrationTestCase.swift in Sources */ = {isa = PBXBuildFile; fileRef = 24ACC91229C8E4EB0043AEA0 /* BaseIntegrationTestCase.swift */; };
		24ACC91B29C8FBEE0043AEA0 /* AnyError.swift in Sources */ = {isa = PBXBuildFile; fileRef = 24ACC91A29C8FBEE0043AEA0 /* AnyError.swift */; };
		24ACC91E29C92E870043AEA0 /* NotificationConfigItem+Equatable.swift in Sources */ = {isa = PBXBuildFile; fileRef = 24ACC91D29C92E870043AEA0 /* NotificationConfigItem+Equatable.swift */; };
		24D1502329A56FAB0032F08D /* SudoNotificationTests.swift in Sources */ = {isa = PBXBuildFile; fileRef = 24D1502229A56FAB0032F08D /* SudoNotificationTests.swift */; };
		24D1504D29A5717A0032F08D /* TestAppApp.swift in Sources */ = {isa = PBXBuildFile; fileRef = 24D1504C29A5717A0032F08D /* TestAppApp.swift */; };
		24D1504F29A5717A0032F08D /* ContentView.swift in Sources */ = {isa = PBXBuildFile; fileRef = 24D1504E29A5717A0032F08D /* ContentView.swift */; };
		24D1505129A5717B0032F08D /* Assets.xcassets in Resources */ = {isa = PBXBuildFile; fileRef = 24D1505029A5717B0032F08D /* Assets.xcassets */; };
		24D1505429A5717B0032F08D /* Preview Assets.xcassets in Resources */ = {isa = PBXBuildFile; fileRef = 24D1505329A5717B0032F08D /* Preview Assets.xcassets */; };
		24D1508729A57A9F0032F08D /* SudoNotification.h in Headers */ = {isa = PBXBuildFile; fileRef = 24D1508629A57A9F0032F08D /* SudoNotification.h */; settings = {ATTRIBUTES = (Public, ); }; };
		24D1508C29A582200032F08D /* GraphQLAPI.swift in Sources */ = {isa = PBXBuildFile; fileRef = 24D1508B29A582200032F08D /* GraphQLAPI.swift */; };
		24D1509129A582B40032F08D /* SudoLogger+Notification.swift in Sources */ = {isa = PBXBuildFile; fileRef = 24D1509029A582B40032F08D /* SudoLogger+Notification.swift */; };
		24D1509329A583040032F08D /* Bundle+Static.swift in Sources */ = {isa = PBXBuildFile; fileRef = 24D1509229A583040032F08D /* Bundle+Static.swift */; };
		24D1509529A5836E0032F08D /* SudoNotificationError.swift in Sources */ = {isa = PBXBuildFile; fileRef = 24D1509429A5836E0032F08D /* SudoNotificationError.swift */; };
		24D1509729A5925A0032F08D /* SudoNotificationClient.swift in Sources */ = {isa = PBXBuildFile; fileRef = 24D1509629A5925A0032F08D /* SudoNotificationClient.swift */; };
		24D1509929A5936D0032F08D /* NotificationConfiguration.swift in Sources */ = {isa = PBXBuildFile; fileRef = 24D1509829A5936D0032F08D /* NotificationConfiguration.swift */; };
		24D1509B29A594AF0032F08D /* DefaultSudoNotificationClient.swift in Sources */ = {isa = PBXBuildFile; fileRef = 24D1509A29A594AF0032F08D /* DefaultSudoNotificationClient.swift */; };
		24D1509E29A595990032F08D /* Resetable.swift in Sources */ = {isa = PBXBuildFile; fileRef = 24D1509D29A595990032F08D /* Resetable.swift */; };
		24D150A029A59F9C0032F08D /* NotificationDeviceInputProvider.swift in Sources */ = {isa = PBXBuildFile; fileRef = 24D1509F29A59F9C0032F08D /* NotificationDeviceInputProvider.swift */; };
		24D150A229A5A2C80032F08D /* DefaultNotificationDeviceInputProvider.swift in Sources */ = {isa = PBXBuildFile; fileRef = 24D150A129A5A2C80032F08D /* DefaultNotificationDeviceInputProvider.swift */; };
		24D150A429A6AA170032F08D /* UseCaseFactory.swift in Sources */ = {isa = PBXBuildFile; fileRef = 24D150A329A6AA170032F08D /* UseCaseFactory.swift */; };
		24D150A629A6AAAA0032F08D /* RegisterNotificationUseCase.swift in Sources */ = {isa = PBXBuildFile; fileRef = 24D150A529A6AAAA0032F08D /* RegisterNotificationUseCase.swift */; };
		24D150A929A6AB0E0032F08D /* NotificationRepository.swift in Sources */ = {isa = PBXBuildFile; fileRef = 24D150A829A6AB0E0032F08D /* NotificationRepository.swift */; };
		24D150AB29A6AE3F0032F08D /* GetNotificationConfigurationUseCase.swift in Sources */ = {isa = PBXBuildFile; fileRef = 24D150AA29A6AE3F0032F08D /* GetNotificationConfigurationUseCase.swift */; };
		24D150AD29A6AE4A0032F08D /* SetNotificationConfigurationUseCase.swift in Sources */ = {isa = PBXBuildFile; fileRef = 24D150AC29A6AE4A0032F08D /* SetNotificationConfigurationUseCase.swift */; };
		24D150AF29A6C03A0032F08D /* DefaultNotificationRepository.swift in Sources */ = {isa = PBXBuildFile; fileRef = 24D150AE29A6C03A0032F08D /* DefaultNotificationRepository.swift */; };
		24D150B129A6CBF70032F08D /* CachePolicy.swift in Sources */ = {isa = PBXBuildFile; fileRef = 24D150B029A6CBF70032F08D /* CachePolicy.swift */; };
		24D150B329A6CF4D0032F08D /* NotificationTransformer.swift in Sources */ = {isa = PBXBuildFile; fileRef = 24D150B229A6CF4D0032F08D /* NotificationTransformer.swift */; };
		24D150B729A712C30032F08D /* DeRegisterNotificationUseCase.swift in Sources */ = {isa = PBXBuildFile; fileRef = 24D150B629A712C30032F08D /* DeRegisterNotificationUseCase.swift */; };
		24F0319C29AD217700CD93E6 /* UpdateNotificationUseCase.swift in Sources */ = {isa = PBXBuildFile; fileRef = 24F0319B29AD217700CD93E6 /* UpdateNotificationUseCase.swift */; };
		5D86DC3A2C19BE1D0061BF58 /* Constants.swift in Sources */ = {isa = PBXBuildFile; fileRef = 5D86DC392C19BE1C0061BF58 /* Constants.swift */; };
		5D86DC3D2C19BE2E0061BF58 /* SudoNotificationError.swift in Sources */ = {isa = PBXBuildFile; fileRef = 5D86DC3B2C19BE2E0061BF58 /* SudoNotificationError.swift */; };
		5D86DC3F2C19BEAC0061BF58 /* SudoNotificationFilterClient.swift in Sources */ = {isa = PBXBuildFile; fileRef = 5D86DC3E2C19BEAC0061BF58 /* SudoNotificationFilterClient.swift */; };
		5D86DC432C19BF200061BF58 /* ContentView.swift in Sources */ = {isa = PBXBuildFile; fileRef = 24D1504E29A5717A0032F08D /* ContentView.swift */; };
		5D86DC442C19BF200061BF58 /* TestAppApp.swift in Sources */ = {isa = PBXBuildFile; fileRef = 24D1504C29A5717A0032F08D /* TestAppApp.swift */; };
		5D86DC482C19BF200061BF58 /* Preview Assets.xcassets in Resources */ = {isa = PBXBuildFile; fileRef = 24D1505329A5717B0032F08D /* Preview Assets.xcassets */; };
		5D86DC492C19BF200061BF58 /* Assets.xcassets in Resources */ = {isa = PBXBuildFile; fileRef = 24D1505029A5717B0032F08D /* Assets.xcassets */; };
		5D86DC5D2C19BF530061BF58 /* SudoNotificationExtension.framework in Frameworks */ = {isa = PBXBuildFile; fileRef = 5D86DC552C19BF520061BF58 /* SudoNotificationExtension.framework */; };
		5D86DC652C19BF530061BF58 /* SudoNotificationExtension.h in Headers */ = {isa = PBXBuildFile; fileRef = 5D86DC572C19BF520061BF58 /* SudoNotificationExtension.h */; settings = {ATTRIBUTES = (Public, ); }; };
		5D86DC682C19BF530061BF58 /* SudoNotificationExtension.framework in Frameworks */ = {isa = PBXBuildFile; fileRef = 5D86DC552C19BF520061BF58 /* SudoNotificationExtension.framework */; };
		5D86DC692C19BF530061BF58 /* SudoNotificationExtension.framework in Embed Frameworks */ = {isa = PBXBuildFile; fileRef = 5D86DC552C19BF520061BF58 /* SudoNotificationExtension.framework */; settings = {ATTRIBUTES = (CodeSignOnCopy, RemoveHeadersOnCopy, ); }; };
		5D86DC7D2C19BF9D0061BF58 /* SudoLogger+NotifiableClient.swift in Sources */ = {isa = PBXBuildFile; fileRef = 5D86DC712C19BF9D0061BF58 /* SudoLogger+NotifiableClient.swift */; };
		5D86DC7E2C19BF9D0061BF58 /* SudoNotifiableClientError.swift in Sources */ = {isa = PBXBuildFile; fileRef = 5D86DC742C19BF9D0061BF58 /* SudoNotifiableClientError.swift */; };
		5D86DC7F2C19BF9D0061BF58 /* SudoNotifiableClient.swift in Sources */ = {isa = PBXBuildFile; fileRef = 5D86DC762C19BF9D0061BF58 /* SudoNotifiableClient.swift */; };
		5D86DC802C19BF9D0061BF58 /* SudoNotification.swift in Sources */ = {isa = PBXBuildFile; fileRef = 5D86DC772C19BF9D0061BF58 /* SudoNotification.swift */; };
		5D86DC812C19BF9D0061BF58 /* SudoNotificationData.swift in Sources */ = {isa = PBXBuildFile; fileRef = 5D86DC782C19BF9D0061BF58 /* SudoNotificationData.swift */; };
		5D86DC822C19BF9D0061BF58 /* DefaultSudoNotifiableClient.swift in Sources */ = {isa = PBXBuildFile; fileRef = 5D86DC7A2C19BF9D0061BF58 /* DefaultSudoNotifiableClient.swift */; };
		5D86DC852C19BFC80061BF58 /* DefaultSudoNotifiableClientTests.swift in Sources */ = {isa = PBXBuildFile; fileRef = 5D86DC832C19BFC80061BF58 /* DefaultSudoNotifiableClientTests.swift */; };
		5D86DC862C19BFC80061BF58 /* TestNotifiableClient.swift in Sources */ = {isa = PBXBuildFile; fileRef = 5D86DC842C19BFC80061BF58 /* TestNotifiableClient.swift */; };
		5D86DC882C19C2550061BF58 /* AnyError.swift in Sources */ = {isa = PBXBuildFile; fileRef = 5D86DC872C19C2550061BF58 /* AnyError.swift */; };
		5D86DC8A2C19C7F70061BF58 /* SudoNotificationExtension.podspec in Resources */ = {isa = PBXBuildFile; fileRef = 5D86DC892C19C7F70061BF58 /* SudoNotificationExtension.podspec */; };
		5D86DC8E2C19C9280061BF58 /* AnyError.swift in Sources */ = {isa = PBXBuildFile; fileRef = 5D86DC8D2C19C9280061BF58 /* AnyError.swift */; };
		B908FCDA17E921F15F835843 /* (null) in Frameworks */ = {isa = PBXBuildFile; };
/* End PBXBuildFile section */

/* Begin PBXContainerItemProxy section */
		24AC03432A82F96800E0D718 /* PBXContainerItemProxy */ = {
			isa = PBXContainerItemProxy;
			containerPortal = 24D1500529A56FA90032F08D /* Project object */;
			proxyType = 1;
			remoteGlobalIDString = 24D1504929A5717A0032F08D;
			remoteInfo = TestApp;
		};
		24ACC90D29C8E4B10043AEA0 /* PBXContainerItemProxy */ = {
			isa = PBXContainerItemProxy;
			containerPortal = 24D1500529A56FA90032F08D /* Project object */;
			proxyType = 1;
			remoteGlobalIDString = 24D1508329A57A9E0032F08D;
			remoteInfo = SudoNotification;
		};
		24ACC91429C8E79E0043AEA0 /* PBXContainerItemProxy */ = {
			isa = PBXContainerItemProxy;
			containerPortal = 24D1500529A56FA90032F08D /* Project object */;
			proxyType = 1;
			remoteGlobalIDString = 24D1504929A5717A0032F08D;
			remoteInfo = TestApp;
		};
		5D22F3D42C19D3D000AE54C9 /* PBXContainerItemProxy */ = {
			isa = PBXContainerItemProxy;
			containerPortal = 24D1500529A56FA90032F08D /* Project object */;
			proxyType = 1;
			remoteGlobalIDString = 24D1508329A57A9E0032F08D;
			remoteInfo = SudoNotification;
		};
		5D86DC5E2C19BF530061BF58 /* PBXContainerItemProxy */ = {
			isa = PBXContainerItemProxy;
			containerPortal = 24D1500529A56FA90032F08D /* Project object */;
			proxyType = 1;
			remoteGlobalIDString = 5D86DC542C19BF520061BF58;
			remoteInfo = SudoNotificationExtension;
		};
		5D86DC602C19BF530061BF58 /* PBXContainerItemProxy */ = {
			isa = PBXContainerItemProxy;
			containerPortal = 24D1500529A56FA90032F08D /* Project object */;
			proxyType = 1;
			remoteGlobalIDString = 5D86DC402C19BF200061BF58;
			remoteInfo = TestExtensionApp;
		};
		5D86DC662C19BF530061BF58 /* PBXContainerItemProxy */ = {
			isa = PBXContainerItemProxy;
			containerPortal = 24D1500529A56FA90032F08D /* Project object */;
			proxyType = 1;
			remoteGlobalIDString = 5D86DC542C19BF520061BF58;
			remoteInfo = SudoNotificationExtension;
		};
/* End PBXContainerItemProxy section */

/* Begin PBXCopyFilesBuildPhase section */
		5D86DC6D2C19BF530061BF58 /* Embed Frameworks */ = {
			isa = PBXCopyFilesBuildPhase;
			buildActionMask = 2147483647;
			dstPath = "";
			dstSubfolderSpec = 10;
			files = (
				5D86DC692C19BF530061BF58 /* SudoNotificationExtension.framework in Embed Frameworks */,
			);
			name = "Embed Frameworks";
			runOnlyForDeploymentPostprocessing = 0;
		};
/* End PBXCopyFilesBuildPhase section */

/* Begin PBXFileReference section */
		0399CD2F7FF88DD91B2B2AF1 /* Pods-SudoNotification-SudoNotificationTests-SudoNotificationIntegrationTests.debug.xcconfig */ = {isa = PBXFileReference; includeInIndex = 1; lastKnownFileType = text.xcconfig; name = "Pods-SudoNotification-SudoNotificationTests-SudoNotificationIntegrationTests.debug.xcconfig"; path = "Target Support Files/Pods-SudoNotification-SudoNotificationTests-SudoNotificationIntegrationTests/Pods-SudoNotification-SudoNotificationTests-SudoNotificationIntegrationTests.debug.xcconfig"; sourceTree = "<group>"; };
		146905B7E67F87DA54B45ADF /* Pods-SudoNotificationExtension.release.xcconfig */ = {isa = PBXFileReference; includeInIndex = 1; lastKnownFileType = text.xcconfig; name = "Pods-SudoNotificationExtension.release.xcconfig"; path = "Target Support Files/Pods-SudoNotificationExtension/Pods-SudoNotificationExtension.release.xcconfig"; sourceTree = "<group>"; };
		1E0519F5DFA19302191C427A /* Pods-SudoNotificationExtension-SudoNotificationExtensionTests.release.xcconfig */ = {isa = PBXFileReference; includeInIndex = 1; lastKnownFileType = text.xcconfig; name = "Pods-SudoNotificationExtension-SudoNotificationExtensionTests.release.xcconfig"; path = "Target Support Files/Pods-SudoNotificationExtension-SudoNotificationExtensionTests/Pods-SudoNotificationExtension-SudoNotificationExtensionTests.release.xcconfig"; sourceTree = "<group>"; };
		2451ECC729EA10A100DE3F8B /* TestNotificationMetaData.swift */ = {isa = PBXFileReference; lastKnownFileType = sourcecode.swift; path = TestNotificationMetaData.swift; sourceTree = "<group>"; };
		24ACC90829C8E4B10043AEA0 /* SudoNotificationIntegrationTests.xctest */ = {isa = PBXFileReference; explicitFileType = wrapper.cfbundle; includeInIndex = 0; path = SudoNotificationIntegrationTests.xctest; sourceTree = BUILT_PRODUCTS_DIR; };
		24ACC90A29C8E4B10043AEA0 /* SudoNotificationIntegrationTests.swift */ = {isa = PBXFileReference; lastKnownFileType = sourcecode.swift; path = SudoNotificationIntegrationTests.swift; sourceTree = "<group>"; };
		24ACC91229C8E4EB0043AEA0 /* BaseIntegrationTestCase.swift */ = {isa = PBXFileReference; lastKnownFileType = sourcecode.swift; path = BaseIntegrationTestCase.swift; sourceTree = "<group>"; };
		24ACC91A29C8FBEE0043AEA0 /* AnyError.swift */ = {isa = PBXFileReference; lastKnownFileType = sourcecode.swift; path = AnyError.swift; sourceTree = "<group>"; };
		24ACC91D29C92E870043AEA0 /* NotificationConfigItem+Equatable.swift */ = {isa = PBXFileReference; lastKnownFileType = sourcecode.swift; path = "NotificationConfigItem+Equatable.swift"; sourceTree = "<group>"; };
		24D1501E29A56FAB0032F08D /* SudoNotificationTests.xctest */ = {isa = PBXFileReference; explicitFileType = wrapper.cfbundle; includeInIndex = 0; path = SudoNotificationTests.xctest; sourceTree = BUILT_PRODUCTS_DIR; };
		24D1502229A56FAB0032F08D /* SudoNotificationTests.swift */ = {isa = PBXFileReference; lastKnownFileType = sourcecode.swift; path = SudoNotificationTests.swift; sourceTree = "<group>"; };
		24D1504A29A5717A0032F08D /* TestApp.app */ = {isa = PBXFileReference; explicitFileType = wrapper.application; includeInIndex = 0; path = TestApp.app; sourceTree = BUILT_PRODUCTS_DIR; };
		24D1504C29A5717A0032F08D /* TestAppApp.swift */ = {isa = PBXFileReference; lastKnownFileType = sourcecode.swift; path = TestAppApp.swift; sourceTree = "<group>"; };
		24D1504E29A5717A0032F08D /* ContentView.swift */ = {isa = PBXFileReference; lastKnownFileType = sourcecode.swift; path = ContentView.swift; sourceTree = "<group>"; };
		24D1505029A5717B0032F08D /* Assets.xcassets */ = {isa = PBXFileReference; lastKnownFileType = folder.assetcatalog; path = Assets.xcassets; sourceTree = "<group>"; };
		24D1505329A5717B0032F08D /* Preview Assets.xcassets */ = {isa = PBXFileReference; lastKnownFileType = folder.assetcatalog; path = "Preview Assets.xcassets"; sourceTree = "<group>"; };
		24D1505929A576DD0032F08D /* Podfile */ = {isa = PBXFileReference; fileEncoding = 4; lastKnownFileType = text; path = Podfile; sourceTree = SOURCE_ROOT; xcLanguageSpecificationIdentifier = xcode.lang.ruby; };
		24D1505A29A576DD0032F08D /* sonar-project.properties */ = {isa = PBXFileReference; lastKnownFileType = text; path = "sonar-project.properties"; sourceTree = SOURCE_ROOT; };
		24D1505B29A576DD0032F08D /* Gemfile.lock */ = {isa = PBXFileReference; lastKnownFileType = text; path = Gemfile.lock; sourceTree = SOURCE_ROOT; };
		24D1505C29A576DE0032F08D /* README.md */ = {isa = PBXFileReference; fileEncoding = 4; lastKnownFileType = net.daringfireball.markdown; path = README.md; sourceTree = SOURCE_ROOT; };
		24D1505D29A576DE0032F08D /* Gemfile */ = {isa = PBXFileReference; fileEncoding = 4; lastKnownFileType = text; path = Gemfile; sourceTree = SOURCE_ROOT; };
		24D1505E29A576DE0032F08D /* Podfile.lock */ = {isa = PBXFileReference; lastKnownFileType = text; path = Podfile.lock; sourceTree = SOURCE_ROOT; };
		24D1505F29A576DE0032F08D /* util */ = {isa = PBXFileReference; fileEncoding = 4; lastKnownFileType = text; path = util; sourceTree = SOURCE_ROOT; };
		24D1506729A577250032F08D /* SudoNotification.podspec */ = {isa = PBXFileReference; lastKnownFileType = text; path = SudoNotification.podspec; sourceTree = SOURCE_ROOT; xcLanguageSpecificationIdentifier = xcode.lang.ruby; };
		24D1508429A57A9F0032F08D /* SudoNotification.framework */ = {isa = PBXFileReference; explicitFileType = wrapper.framework; includeInIndex = 0; path = SudoNotification.framework; sourceTree = BUILT_PRODUCTS_DIR; };
		24D1508629A57A9F0032F08D /* SudoNotification.h */ = {isa = PBXFileReference; lastKnownFileType = sourcecode.c.h; path = SudoNotification.h; sourceTree = "<group>"; };
		24D1508B29A582200032F08D /* GraphQLAPI.swift */ = {isa = PBXFileReference; fileEncoding = 4; lastKnownFileType = sourcecode.swift; path = GraphQLAPI.swift; sourceTree = "<group>"; };
		24D1509029A582B40032F08D /* SudoLogger+Notification.swift */ = {isa = PBXFileReference; lastKnownFileType = sourcecode.swift; path = "SudoLogger+Notification.swift"; sourceTree = "<group>"; };
		24D1509229A583040032F08D /* Bundle+Static.swift */ = {isa = PBXFileReference; lastKnownFileType = sourcecode.swift; path = "Bundle+Static.swift"; sourceTree = "<group>"; };
		24D1509429A5836E0032F08D /* SudoNotificationError.swift */ = {isa = PBXFileReference; lastKnownFileType = sourcecode.swift; path = SudoNotificationError.swift; sourceTree = "<group>"; };
		24D1509629A5925A0032F08D /* SudoNotificationClient.swift */ = {isa = PBXFileReference; lastKnownFileType = sourcecode.swift; path = SudoNotificationClient.swift; sourceTree = "<group>"; };
		24D1509829A5936D0032F08D /* NotificationConfiguration.swift */ = {isa = PBXFileReference; lastKnownFileType = sourcecode.swift; path = NotificationConfiguration.swift; sourceTree = "<group>"; };
		24D1509A29A594AF0032F08D /* DefaultSudoNotificationClient.swift */ = {isa = PBXFileReference; lastKnownFileType = sourcecode.swift; path = DefaultSudoNotificationClient.swift; sourceTree = "<group>"; };
		24D1509D29A595990032F08D /* Resetable.swift */ = {isa = PBXFileReference; lastKnownFileType = sourcecode.swift; path = Resetable.swift; sourceTree = "<group>"; };
		24D1509F29A59F9C0032F08D /* NotificationDeviceInputProvider.swift */ = {isa = PBXFileReference; lastKnownFileType = sourcecode.swift; path = NotificationDeviceInputProvider.swift; sourceTree = "<group>"; };
		24D150A129A5A2C80032F08D /* DefaultNotificationDeviceInputProvider.swift */ = {isa = PBXFileReference; lastKnownFileType = sourcecode.swift; path = DefaultNotificationDeviceInputProvider.swift; sourceTree = "<group>"; };
		24D150A329A6AA170032F08D /* UseCaseFactory.swift */ = {isa = PBXFileReference; lastKnownFileType = sourcecode.swift; path = UseCaseFactory.swift; sourceTree = "<group>"; };
		24D150A529A6AAAA0032F08D /* RegisterNotificationUseCase.swift */ = {isa = PBXFileReference; lastKnownFileType = sourcecode.swift; path = RegisterNotificationUseCase.swift; sourceTree = "<group>"; };
		24D150A829A6AB0E0032F08D /* NotificationRepository.swift */ = {isa = PBXFileReference; lastKnownFileType = sourcecode.swift; path = NotificationRepository.swift; sourceTree = "<group>"; };
		24D150AA29A6AE3F0032F08D /* GetNotificationConfigurationUseCase.swift */ = {isa = PBXFileReference; lastKnownFileType = sourcecode.swift; path = GetNotificationConfigurationUseCase.swift; sourceTree = "<group>"; };
		24D150AC29A6AE4A0032F08D /* SetNotificationConfigurationUseCase.swift */ = {isa = PBXFileReference; lastKnownFileType = sourcecode.swift; path = SetNotificationConfigurationUseCase.swift; sourceTree = "<group>"; };
		24D150AE29A6C03A0032F08D /* DefaultNotificationRepository.swift */ = {isa = PBXFileReference; lastKnownFileType = sourcecode.swift; path = DefaultNotificationRepository.swift; sourceTree = "<group>"; };
		24D150B029A6CBF70032F08D /* CachePolicy.swift */ = {isa = PBXFileReference; lastKnownFileType = sourcecode.swift; path = CachePolicy.swift; sourceTree = "<group>"; };
		24D150B229A6CF4D0032F08D /* NotificationTransformer.swift */ = {isa = PBXFileReference; lastKnownFileType = sourcecode.swift; path = NotificationTransformer.swift; sourceTree = "<group>"; };
		24D150B629A712C30032F08D /* DeRegisterNotificationUseCase.swift */ = {isa = PBXFileReference; lastKnownFileType = sourcecode.swift; path = DeRegisterNotificationUseCase.swift; sourceTree = "<group>"; };
		24F0319B29AD217700CD93E6 /* UpdateNotificationUseCase.swift */ = {isa = PBXFileReference; lastKnownFileType = sourcecode.swift; path = UpdateNotificationUseCase.swift; sourceTree = "<group>"; };
		295432D2B8E53121703F824C /* Pods-SudoNotificationExtension.debug.xcconfig */ = {isa = PBXFileReference; includeInIndex = 1; lastKnownFileType = text.xcconfig; name = "Pods-SudoNotificationExtension.debug.xcconfig"; path = "Target Support Files/Pods-SudoNotificationExtension/Pods-SudoNotificationExtension.debug.xcconfig"; sourceTree = "<group>"; };
		2E3CDACAAD8011629E72EEC9 /* Pods-SudoNotification.debug.xcconfig */ = {isa = PBXFileReference; includeInIndex = 1; lastKnownFileType = text.xcconfig; name = "Pods-SudoNotification.debug.xcconfig"; path = "Target Support Files/Pods-SudoNotification/Pods-SudoNotification.debug.xcconfig"; sourceTree = "<group>"; };
		52CDF10AB056F28234B055BB /* Pods-SudoNotification-TestApp.release.xcconfig */ = {isa = PBXFileReference; includeInIndex = 1; lastKnownFileType = text.xcconfig; name = "Pods-SudoNotification-TestApp.release.xcconfig"; path = "Target Support Files/Pods-SudoNotification-TestApp/Pods-SudoNotification-TestApp.release.xcconfig"; sourceTree = "<group>"; };
		5D86DC392C19BE1C0061BF58 /* Constants.swift */ = {isa = PBXFileReference; fileEncoding = 4; lastKnownFileType = sourcecode.swift; name = Constants.swift; path = Source/Public/Constants.swift; sourceTree = "<group>"; };
		5D86DC3B2C19BE2E0061BF58 /* SudoNotificationError.swift */ = {isa = PBXFileReference; fileEncoding = 4; lastKnownFileType = sourcecode.swift; path = SudoNotificationError.swift; sourceTree = "<group>"; };
		5D86DC3E2C19BEAC0061BF58 /* SudoNotificationFilterClient.swift */ = {isa = PBXFileReference; fileEncoding = 4; lastKnownFileType = sourcecode.swift; path = SudoNotificationFilterClient.swift; sourceTree = "<group>"; };
		5D86DC4F2C19BF200061BF58 /* TestExtensionApp.app */ = {isa = PBXFileReference; explicitFileType = wrapper.application; includeInIndex = 0; path = TestExtensionApp.app; sourceTree = BUILT_PRODUCTS_DIR; };
		5D86DC552C19BF520061BF58 /* SudoNotificationExtension.framework */ = {isa = PBXFileReference; explicitFileType = wrapper.framework; includeInIndex = 0; path = SudoNotificationExtension.framework; sourceTree = BUILT_PRODUCTS_DIR; };
		5D86DC572C19BF520061BF58 /* SudoNotificationExtension.h */ = {isa = PBXFileReference; lastKnownFileType = sourcecode.c.h; path = SudoNotificationExtension.h; sourceTree = "<group>"; };
		5D86DC5C2C19BF530061BF58 /* SudoNotificationExtensionTests.xctest */ = {isa = PBXFileReference; explicitFileType = wrapper.cfbundle; includeInIndex = 0; path = SudoNotificationExtensionTests.xctest; sourceTree = BUILT_PRODUCTS_DIR; };
		5D86DC712C19BF9D0061BF58 /* SudoLogger+NotifiableClient.swift */ = {isa = PBXFileReference; fileEncoding = 4; lastKnownFileType = sourcecode.swift; path = "SudoLogger+NotifiableClient.swift"; sourceTree = "<group>"; };
		5D86DC742C19BF9D0061BF58 /* SudoNotifiableClientError.swift */ = {isa = PBXFileReference; fileEncoding = 4; lastKnownFileType = sourcecode.swift; path = SudoNotifiableClientError.swift; sourceTree = "<group>"; };
		5D86DC762C19BF9D0061BF58 /* SudoNotifiableClient.swift */ = {isa = PBXFileReference; fileEncoding = 4; lastKnownFileType = sourcecode.swift; path = SudoNotifiableClient.swift; sourceTree = "<group>"; };
		5D86DC772C19BF9D0061BF58 /* SudoNotification.swift */ = {isa = PBXFileReference; fileEncoding = 4; lastKnownFileType = sourcecode.swift; path = SudoNotification.swift; sourceTree = "<group>"; };
		5D86DC782C19BF9D0061BF58 /* SudoNotificationData.swift */ = {isa = PBXFileReference; fileEncoding = 4; lastKnownFileType = sourcecode.swift; path = SudoNotificationData.swift; sourceTree = "<group>"; };
		5D86DC7A2C19BF9D0061BF58 /* DefaultSudoNotifiableClient.swift */ = {isa = PBXFileReference; fileEncoding = 4; lastKnownFileType = sourcecode.swift; path = DefaultSudoNotifiableClient.swift; sourceTree = "<group>"; };
		5D86DC832C19BFC80061BF58 /* DefaultSudoNotifiableClientTests.swift */ = {isa = PBXFileReference; fileEncoding = 4; lastKnownFileType = sourcecode.swift; path = DefaultSudoNotifiableClientTests.swift; sourceTree = "<group>"; };
		5D86DC842C19BFC80061BF58 /* TestNotifiableClient.swift */ = {isa = PBXFileReference; fileEncoding = 4; lastKnownFileType = sourcecode.swift; path = TestNotifiableClient.swift; sourceTree = "<group>"; };
		5D86DC872C19C2550061BF58 /* AnyError.swift */ = {isa = PBXFileReference; fileEncoding = 4; lastKnownFileType = sourcecode.swift; path = AnyError.swift; sourceTree = "<group>"; };
		5D86DC892C19C7F70061BF58 /* SudoNotificationExtension.podspec */ = {isa = PBXFileReference; fileEncoding = 4; lastKnownFileType = text; path = SudoNotificationExtension.podspec; sourceTree = SOURCE_ROOT; };
		5D86DC8D2C19C9280061BF58 /* AnyError.swift */ = {isa = PBXFileReference; fileEncoding = 4; lastKnownFileType = sourcecode.swift; path = AnyError.swift; sourceTree = "<group>"; };
		64BE347292E51C086B15247B /* Pods-SudoNotificationExtension-TestExtensionApp.release.xcconfig */ = {isa = PBXFileReference; includeInIndex = 1; lastKnownFileType = text.xcconfig; name = "Pods-SudoNotificationExtension-TestExtensionApp.release.xcconfig"; path = "Target Support Files/Pods-SudoNotificationExtension-TestExtensionApp/Pods-SudoNotificationExtension-TestExtensionApp.release.xcconfig"; sourceTree = "<group>"; };
		7CF3F09395B259EF2A785852 /* Pods-SudoNotificationExtension-SudoNotificationExtensionTests.debug.xcconfig */ = {isa = PBXFileReference; includeInIndex = 1; lastKnownFileType = text.xcconfig; name = "Pods-SudoNotificationExtension-SudoNotificationExtensionTests.debug.xcconfig"; path = "Target Support Files/Pods-SudoNotificationExtension-SudoNotificationExtensionTests/Pods-SudoNotificationExtension-SudoNotificationExtensionTests.debug.xcconfig"; sourceTree = "<group>"; };
		A353E76E9F8183E185327C2C /* Pods-SudoNotification-SudoNotificationTests-SudoNotificationIntegrationTests.release.xcconfig */ = {isa = PBXFileReference; includeInIndex = 1; lastKnownFileType = text.xcconfig; name = "Pods-SudoNotification-SudoNotificationTests-SudoNotificationIntegrationTests.release.xcconfig"; path = "Target Support Files/Pods-SudoNotification-SudoNotificationTests-SudoNotificationIntegrationTests/Pods-SudoNotification-SudoNotificationTests-SudoNotificationIntegrationTests.release.xcconfig"; sourceTree = "<group>"; };
		CE65359FF776AF35DB25572B /* Pods-SudoNotification-SudoNotificationTests.debug.xcconfig */ = {isa = PBXFileReference; includeInIndex = 1; lastKnownFileType = text.xcconfig; name = "Pods-SudoNotification-SudoNotificationTests.debug.xcconfig"; path = "Target Support Files/Pods-SudoNotification-SudoNotificationTests/Pods-SudoNotification-SudoNotificationTests.debug.xcconfig"; sourceTree = "<group>"; };
		D1837B2229B0F7216DB89C02 /* Pods-SudoNotification-SudoNotificationTests.release.xcconfig */ = {isa = PBXFileReference; includeInIndex = 1; lastKnownFileType = text.xcconfig; name = "Pods-SudoNotification-SudoNotificationTests.release.xcconfig"; path = "Target Support Files/Pods-SudoNotification-SudoNotificationTests/Pods-SudoNotification-SudoNotificationTests.release.xcconfig"; sourceTree = "<group>"; };
		DEE9553D507BBEAEF7A2A0A5 /* Pods-SudoNotification.release.xcconfig */ = {isa = PBXFileReference; includeInIndex = 1; lastKnownFileType = text.xcconfig; name = "Pods-SudoNotification.release.xcconfig"; path = "Target Support Files/Pods-SudoNotification/Pods-SudoNotification.release.xcconfig"; sourceTree = "<group>"; };
		F63371D7960C4E3A3016D733 /* Pods-SudoNotificationExtension-TestExtensionApp.debug.xcconfig */ = {isa = PBXFileReference; includeInIndex = 1; lastKnownFileType = text.xcconfig; name = "Pods-SudoNotificationExtension-TestExtensionApp.debug.xcconfig"; path = "Target Support Files/Pods-SudoNotificationExtension-TestExtensionApp/Pods-SudoNotificationExtension-TestExtensionApp.debug.xcconfig"; sourceTree = "<group>"; };
		FB7E5591FB07EBA31E3A2C05 /* Pods-SudoNotification-TestApp.debug.xcconfig */ = {isa = PBXFileReference; includeInIndex = 1; lastKnownFileType = text.xcconfig; name = "Pods-SudoNotification-TestApp.debug.xcconfig"; path = "Target Support Files/Pods-SudoNotification-TestApp/Pods-SudoNotification-TestApp.debug.xcconfig"; sourceTree = "<group>"; };
/* End PBXFileReference section */

/* Begin PBXFrameworksBuildPhase section */
		24ACC90529C8E4B10043AEA0 /* Frameworks */ = {
			isa = PBXFrameworksBuildPhase;
			buildActionMask = 2147483647;
			files = (
				24ACC90C29C8E4B10043AEA0 /* SudoNotification.framework in Frameworks */,
			);
			runOnlyForDeploymentPostprocessing = 0;
		};
		24D1501B29A56FAB0032F08D /* Frameworks */ = {
			isa = PBXFrameworksBuildPhase;
			buildActionMask = 2147483647;
			files = (
			);
			runOnlyForDeploymentPostprocessing = 0;
		};
		24D1504729A5717A0032F08D /* Frameworks */ = {
			isa = PBXFrameworksBuildPhase;
			buildActionMask = 2147483647;
			files = (
				B908FCDA17E921F15F835843 /* (null) in Frameworks */,
			);
			runOnlyForDeploymentPostprocessing = 0;
		};
		24D1508129A57A9E0032F08D /* Frameworks */ = {
			isa = PBXFrameworksBuildPhase;
			buildActionMask = 2147483647;
			files = (
			);
			runOnlyForDeploymentPostprocessing = 0;
		};
		5D86DC452C19BF200061BF58 /* Frameworks */ = {
			isa = PBXFrameworksBuildPhase;
			buildActionMask = 2147483647;
			files = (
				5D86DC682C19BF530061BF58 /* SudoNotificationExtension.framework in Frameworks */,
			);
			runOnlyForDeploymentPostprocessing = 0;
		};
		5D86DC522C19BF520061BF58 /* Frameworks */ = {
			isa = PBXFrameworksBuildPhase;
			buildActionMask = 2147483647;
			files = (
			);
			runOnlyForDeploymentPostprocessing = 0;
		};
		5D86DC592C19BF530061BF58 /* Frameworks */ = {
			isa = PBXFrameworksBuildPhase;
			buildActionMask = 2147483647;
			files = (
				5D86DC5D2C19BF530061BF58 /* SudoNotificationExtension.framework in Frameworks */,
			);
			runOnlyForDeploymentPostprocessing = 0;
		};
/* End PBXFrameworksBuildPhase section */

/* Begin PBXGroup section */
		24ACC90929C8E4B10043AEA0 /* SudoNotificationIntegrationTests */ = {
			isa = PBXGroup;
			children = (
				24ACC91929C8FBD90043AEA0 /* Utility */,
				24ACC91229C8E4EB0043AEA0 /* BaseIntegrationTestCase.swift */,
				24ACC91D29C92E870043AEA0 /* NotificationConfigItem+Equatable.swift */,
				24ACC90A29C8E4B10043AEA0 /* SudoNotificationIntegrationTests.swift */,
				2451ECC729EA10A100DE3F8B /* TestNotificationMetaData.swift */,
			);
			path = SudoNotificationIntegrationTests;
			sourceTree = "<group>";
		};
		24ACC91929C8FBD90043AEA0 /* Utility */ = {
			isa = PBXGroup;
			children = (
				24ACC91A29C8FBEE0043AEA0 /* AnyError.swift */,
			);
			path = Utility;
			sourceTree = "<group>";
		};
		24D1500429A56FA90032F08D = {
			isa = PBXGroup;
			children = (
				24D1505829A5768F0032F08D /* Other Files */,
				24D1508529A57A9F0032F08D /* SudoNotification */,
				24D1502129A56FAB0032F08D /* SudoNotificationTests */,
				24D1504B29A5717A0032F08D /* TestApp */,
				24ACC90929C8E4B10043AEA0 /* SudoNotificationIntegrationTests */,
				5D86DC562C19BF520061BF58 /* SudoNotificationExtension */,
				5D86DC622C19BF530061BF58 /* SudoNotificationExtensionTests */,
				24D1500E29A56FA90032F08D /* Products */,
				36DFF62429102142E447B370 /* Pods */,
				DD3CDD9B132A124E5475DDF6 /* Frameworks */,
			);
			sourceTree = "<group>";
		};
		24D1500E29A56FA90032F08D /* Products */ = {
			isa = PBXGroup;
			children = (
				24D1508429A57A9F0032F08D /* SudoNotification.framework */,
				5D86DC552C19BF520061BF58 /* SudoNotificationExtension.framework */,
				5D86DC5C2C19BF530061BF58 /* SudoNotificationExtensionTests.xctest */,
				24ACC90829C8E4B10043AEA0 /* SudoNotificationIntegrationTests.xctest */,
				24D1501E29A56FAB0032F08D /* SudoNotificationTests.xctest */,
				24D1504A29A5717A0032F08D /* TestApp.app */,
				5D86DC4F2C19BF200061BF58 /* TestExtensionApp.app */,
			);
			name = Products;
			sourceTree = "<group>";
		};
		24D1502129A56FAB0032F08D /* SudoNotificationTests */ = {
			isa = PBXGroup;
			children = (
				5D86DC8D2C19C9280061BF58 /* AnyError.swift */,
				24D1502229A56FAB0032F08D /* SudoNotificationTests.swift */,
			);
			path = SudoNotificationTests;
			sourceTree = "<group>";
		};
		24D1503C29A570470032F08D /* Source */ = {
			isa = PBXGroup;
			children = (
				24D1503D29A570590032F08D /* Internal */,
				24D1503E29A570610032F08D /* Public */,
			);
			path = Source;
			sourceTree = "<group>";
		};
		24D1503D29A570590032F08D /* Internal */ = {
			isa = PBXGroup;
			children = (
				24D1504029A570850032F08D /* Core */,
				24D1504129A5708D0032F08D /* Data */,
				24D1504229A570930032F08D /* Extensions */,
			);
			path = Internal;
			sourceTree = "<group>";
		};
		24D1503E29A570610032F08D /* Public */ = {
			isa = PBXGroup;
			children = (
				24D1504329A570A60032F08D /* Errors */,
				24D1504429A570AD0032F08D /* Types */,
				24D150A129A5A2C80032F08D /* DefaultNotificationDeviceInputProvider.swift */,
				24D1509A29A594AF0032F08D /* DefaultSudoNotificationClient.swift */,
				24D1509629A5925A0032F08D /* SudoNotificationClient.swift */,
			);
			path = Public;
			sourceTree = "<group>";
		};
		24D1504029A570850032F08D /* Core */ = {
			isa = PBXGroup;
			children = (
				24D150A729A6AB030032F08D /* Repository */,
				24D1508D29A5827C0032F08D /* Use Cases */,
			);
			path = Core;
			sourceTree = "<group>";
		};
		24D1504129A5708D0032F08D /* Data */ = {
			isa = PBXGroup;
			children = (
				24D1509C29A5958B0032F08D /* Protocols */,
				24D1508E29A582860032F08D /* Repository */,
				24D1508F29A582900032F08D /* Transformers */,
				24D1508B29A582200032F08D /* GraphQLAPI.swift */,
			);
			path = Data;
			sourceTree = "<group>";
		};
		24D1504229A570930032F08D /* Extensions */ = {
			isa = PBXGroup;
			children = (
				24D1509229A583040032F08D /* Bundle+Static.swift */,
				24D1509029A582B40032F08D /* SudoLogger+Notification.swift */,
			);
			path = Extensions;
			sourceTree = "<group>";
		};
		24D1504329A570A60032F08D /* Errors */ = {
			isa = PBXGroup;
			children = (
				24D1509429A5836E0032F08D /* SudoNotificationError.swift */,
			);
			path = Errors;
			sourceTree = "<group>";
		};
		24D1504429A570AD0032F08D /* Types */ = {
			isa = PBXGroup;
			children = (
				24D150B029A6CBF70032F08D /* CachePolicy.swift */,
				24D1509829A5936D0032F08D /* NotificationConfiguration.swift */,
				24D1509F29A59F9C0032F08D /* NotificationDeviceInputProvider.swift */,
				5D86DC3E2C19BEAC0061BF58 /* SudoNotificationFilterClient.swift */,
			);
			path = Types;
			sourceTree = "<group>";
		};
		24D1504B29A5717A0032F08D /* TestApp */ = {
			isa = PBXGroup;
			children = (
				24D1505229A5717B0032F08D /* Preview Content */,
				24D1505029A5717B0032F08D /* Assets.xcassets */,
				24D1504E29A5717A0032F08D /* ContentView.swift */,
				24D1504C29A5717A0032F08D /* TestAppApp.swift */,
			);
			path = TestApp;
			sourceTree = "<group>";
		};
		24D1505229A5717B0032F08D /* Preview Content */ = {
			isa = PBXGroup;
			children = (
				24D1505329A5717B0032F08D /* Preview Assets.xcassets */,
			);
			path = "Preview Content";
			sourceTree = "<group>";
		};
		24D1505829A5768F0032F08D /* Other Files */ = {
			isa = PBXGroup;
			children = (
				24D1505D29A576DE0032F08D /* Gemfile */,
				24D1505929A576DD0032F08D /* Podfile */,
				24D1505F29A576DE0032F08D /* util */,
				24D1505B29A576DD0032F08D /* Gemfile.lock */,
				24D1505E29A576DE0032F08D /* Podfile.lock */,
				24D1505C29A576DE0032F08D /* README.md */,
				24D1505A29A576DD0032F08D /* sonar-project.properties */,
				24D1506729A577250032F08D /* SudoNotification.podspec */,
				5D86DC892C19C7F70061BF58 /* SudoNotificationExtension.podspec */,
			);
			path = "Other Files";
			sourceTree = "<group>";
		};
		24D1508529A57A9F0032F08D /* SudoNotification */ = {
			isa = PBXGroup;
			children = (
				5D86DC3C2C19BE2E0061BF58 /* Errors */,
				24D1503C29A570470032F08D /* Source */,
				5D86DC392C19BE1C0061BF58 /* Constants.swift */,
				24D1508629A57A9F0032F08D /* SudoNotification.h */,
			);
			path = SudoNotification;
			sourceTree = "<group>";
		};
		24D1508D29A5827C0032F08D /* Use Cases */ = {
			isa = PBXGroup;
			children = (
				24D150B629A712C30032F08D /* DeRegisterNotificationUseCase.swift */,
				24D150AA29A6AE3F0032F08D /* GetNotificationConfigurationUseCase.swift */,
				24D150A529A6AAAA0032F08D /* RegisterNotificationUseCase.swift */,
				24D150AC29A6AE4A0032F08D /* SetNotificationConfigurationUseCase.swift */,
				24F0319B29AD217700CD93E6 /* UpdateNotificationUseCase.swift */,
				24D150A329A6AA170032F08D /* UseCaseFactory.swift */,
			);
			path = "Use Cases";
			sourceTree = "<group>";
		};
		24D1508E29A582860032F08D /* Repository */ = {
			isa = PBXGroup;
			children = (
				24D150AE29A6C03A0032F08D /* DefaultNotificationRepository.swift */,
			);
			path = Repository;
			sourceTree = "<group>";
		};
		24D1508F29A582900032F08D /* Transformers */ = {
			isa = PBXGroup;
			children = (
				24D150B229A6CF4D0032F08D /* NotificationTransformer.swift */,
			);
			path = Transformers;
			sourceTree = "<group>";
		};
		24D1509C29A5958B0032F08D /* Protocols */ = {
			isa = PBXGroup;
			children = (
				24D1509D29A595990032F08D /* Resetable.swift */,
			);
			path = Protocols;
			sourceTree = "<group>";
		};
		24D150A729A6AB030032F08D /* Repository */ = {
			isa = PBXGroup;
			children = (
				24D150A829A6AB0E0032F08D /* NotificationRepository.swift */,
			);
			path = Repository;
			sourceTree = "<group>";
		};
		36DFF62429102142E447B370 /* Pods */ = {
			isa = PBXGroup;
			children = (
				0399CD2F7FF88DD91B2B2AF1 /* Pods-SudoNotification-SudoNotificationTests-SudoNotificationIntegrationTests.debug.xcconfig */,
				A353E76E9F8183E185327C2C /* Pods-SudoNotification-SudoNotificationTests-SudoNotificationIntegrationTests.release.xcconfig */,
				CE65359FF776AF35DB25572B /* Pods-SudoNotification-SudoNotificationTests.debug.xcconfig */,
				D1837B2229B0F7216DB89C02 /* Pods-SudoNotification-SudoNotificationTests.release.xcconfig */,
				FB7E5591FB07EBA31E3A2C05 /* Pods-SudoNotification-TestApp.debug.xcconfig */,
				52CDF10AB056F28234B055BB /* Pods-SudoNotification-TestApp.release.xcconfig */,
				2E3CDACAAD8011629E72EEC9 /* Pods-SudoNotification.debug.xcconfig */,
				DEE9553D507BBEAEF7A2A0A5 /* Pods-SudoNotification.release.xcconfig */,
				7CF3F09395B259EF2A785852 /* Pods-SudoNotificationExtension-SudoNotificationExtensionTests.debug.xcconfig */,
				1E0519F5DFA19302191C427A /* Pods-SudoNotificationExtension-SudoNotificationExtensionTests.release.xcconfig */,
				F63371D7960C4E3A3016D733 /* Pods-SudoNotificationExtension-TestExtensionApp.debug.xcconfig */,
				64BE347292E51C086B15247B /* Pods-SudoNotificationExtension-TestExtensionApp.release.xcconfig */,
				295432D2B8E53121703F824C /* Pods-SudoNotificationExtension.debug.xcconfig */,
				146905B7E67F87DA54B45ADF /* Pods-SudoNotificationExtension.release.xcconfig */,
			);
			path = Pods;
			sourceTree = "<group>";
		};
		5D86DC3C2C19BE2E0061BF58 /* Errors */ = {
			isa = PBXGroup;
			children = (
				5D86DC3B2C19BE2E0061BF58 /* SudoNotificationError.swift */,
			);
			name = Errors;
			path = Source/Public/Errors;
			sourceTree = "<group>";
		};
		5D86DC562C19BF520061BF58 /* SudoNotificationExtension */ = {
			isa = PBXGroup;
			children = (
				5D86DC7C2C19BF9D0061BF58 /* Source */,
				5D86DC572C19BF520061BF58 /* SudoNotificationExtension.h */,
			);
			path = SudoNotificationExtension;
			sourceTree = "<group>";
		};
		5D86DC622C19BF530061BF58 /* SudoNotificationExtensionTests */ = {
			isa = PBXGroup;
			children = (
				5D86DC872C19C2550061BF58 /* AnyError.swift */,
				5D86DC832C19BFC80061BF58 /* DefaultSudoNotifiableClientTests.swift */,
				5D86DC842C19BFC80061BF58 /* TestNotifiableClient.swift */,
			);
			path = SudoNotificationExtensionTests;
			sourceTree = "<group>";
		};
		5D86DC722C19BF9D0061BF58 /* Extensions */ = {
			isa = PBXGroup;
			children = (
				5D86DC712C19BF9D0061BF58 /* SudoLogger+NotifiableClient.swift */,
			);
			path = Extensions;
			sourceTree = "<group>";
		};
		5D86DC732C19BF9D0061BF58 /* Internal */ = {
			isa = PBXGroup;
			children = (
				5D86DC722C19BF9D0061BF58 /* Extensions */,
			);
			path = Internal;
			sourceTree = "<group>";
		};
		5D86DC752C19BF9D0061BF58 /* Errors */ = {
			isa = PBXGroup;
			children = (
				5D86DC742C19BF9D0061BF58 /* SudoNotifiableClientError.swift */,
			);
			path = Errors;
			sourceTree = "<group>";
		};
		5D86DC792C19BF9D0061BF58 /* Types */ = {
			isa = PBXGroup;
			children = (
				5D86DC762C19BF9D0061BF58 /* SudoNotifiableClient.swift */,
				5D86DC772C19BF9D0061BF58 /* SudoNotification.swift */,
				5D86DC782C19BF9D0061BF58 /* SudoNotificationData.swift */,
			);
			path = Types;
			sourceTree = "<group>";
		};
		5D86DC7B2C19BF9D0061BF58 /* Public */ = {
			isa = PBXGroup;
			children = (
				5D86DC752C19BF9D0061BF58 /* Errors */,
				5D86DC792C19BF9D0061BF58 /* Types */,
				5D86DC7A2C19BF9D0061BF58 /* DefaultSudoNotifiableClient.swift */,
			);
			path = Public;
			sourceTree = "<group>";
		};
		5D86DC7C2C19BF9D0061BF58 /* Source */ = {
			isa = PBXGroup;
			children = (
				5D86DC732C19BF9D0061BF58 /* Internal */,
				5D86DC7B2C19BF9D0061BF58 /* Public */,
			);
			path = Source;
			sourceTree = "<group>";
		};
		DD3CDD9B132A124E5475DDF6 /* Frameworks */ = {
			isa = PBXGroup;
			children = (
			);
			name = Frameworks;
			sourceTree = "<group>";
		};
/* End PBXGroup section */

/* Begin PBXHeadersBuildPhase section */
		24D1507F29A57A9E0032F08D /* Headers */ = {
			isa = PBXHeadersBuildPhase;
			buildActionMask = 2147483647;
			files = (
				24D1508729A57A9F0032F08D /* SudoNotification.h in Headers */,
			);
			runOnlyForDeploymentPostprocessing = 0;
		};
		5D86DC502C19BF520061BF58 /* Headers */ = {
			isa = PBXHeadersBuildPhase;
			buildActionMask = 2147483647;
			files = (
				5D86DC652C19BF530061BF58 /* SudoNotificationExtension.h in Headers */,
			);
			runOnlyForDeploymentPostprocessing = 0;
		};
/* End PBXHeadersBuildPhase section */

/* Begin PBXNativeTarget section */
		24ACC90729C8E4B10043AEA0 /* SudoNotificationIntegrationTests */ = {
			isa = PBXNativeTarget;
			buildConfigurationList = 24ACC91129C8E4B10043AEA0 /* Build configuration list for PBXNativeTarget "SudoNotificationIntegrationTests" */;
			buildPhases = (
				629883372DD75D4AEC6AC77F /* [CP] Check Pods Manifest.lock */,
				24ACC90429C8E4B10043AEA0 /* Sources */,
				24ACC90529C8E4B10043AEA0 /* Frameworks */,
				24ACC90629C8E4B10043AEA0 /* Resources */,
				24ACC91729C8E8070043AEA0 /* Copy Configuration */,
				24ACC91829C8E9CB0043AEA0 /* [CP] Embed Pods Frameworks */,
			);
			buildRules = (
			);
			dependencies = (
				24ACC90E29C8E4B10043AEA0 /* PBXTargetDependency */,
				24ACC91529C8E79E0043AEA0 /* PBXTargetDependency */,
			);
			name = SudoNotificationIntegrationTests;
			productName = SudoNotificationIntegrationTests;
			productReference = 24ACC90829C8E4B10043AEA0 /* SudoNotificationIntegrationTests.xctest */;
			productType = "com.apple.product-type.bundle.unit-test";
		};
		24D1501D29A56FAB0032F08D /* SudoNotificationTests */ = {
			isa = PBXNativeTarget;
			buildConfigurationList = 24D1503529A56FAB0032F08D /* Build configuration list for PBXNativeTarget "SudoNotificationTests" */;
			buildPhases = (
				17A5A01FEEAB34C729BD7DC8 /* [CP] Check Pods Manifest.lock */,
				24D1501A29A56FAB0032F08D /* Sources */,
				24D1501B29A56FAB0032F08D /* Frameworks */,
				24D1501C29A56FAB0032F08D /* Resources */,
				85D49DA2A88949C4597896B7 /* [CP] Embed Pods Frameworks */,
			);
			buildRules = (
			);
			dependencies = (
				5D22F3D52C19D3D000AE54C9 /* PBXTargetDependency */,
				24AC03442A82F96800E0D718 /* PBXTargetDependency */,
			);
			name = SudoNotificationTests;
			productName = SudoNotificationTests;
			productReference = 24D1501E29A56FAB0032F08D /* SudoNotificationTests.xctest */;
			productType = "com.apple.product-type.bundle.unit-test";
		};
		24D1504929A5717A0032F08D /* TestApp */ = {
			isa = PBXNativeTarget;
			buildConfigurationList = 24D1505529A5717B0032F08D /* Build configuration list for PBXNativeTarget "TestApp" */;
			buildPhases = (
				B4B36E1543E4E0CEA4FAF6FB /* [CP] Check Pods Manifest.lock */,
				24D1504629A5717A0032F08D /* Sources */,
				24D1504729A5717A0032F08D /* Frameworks */,
				24D1504829A5717A0032F08D /* Resources */,
				24ACC91C29C902500043AEA0 /* Copy Config To Resource */,
				510870C03581302233C20B68 /* [CP] Embed Pods Frameworks */,
			);
			buildRules = (
			);
			dependencies = (
			);
			name = TestApp;
			productName = TestApp;
			productReference = 24D1504A29A5717A0032F08D /* TestApp.app */;
			productType = "com.apple.product-type.application";
		};
		24D1508329A57A9E0032F08D /* SudoNotification */ = {
			isa = PBXNativeTarget;
			buildConfigurationList = 24D1508829A57A9F0032F08D /* Build configuration list for PBXNativeTarget "SudoNotification" */;
			buildPhases = (
				6720FA6848283820956A4105 /* [CP] Check Pods Manifest.lock */,
				24D1507F29A57A9E0032F08D /* Headers */,
				24D1508029A57A9E0032F08D /* Sources */,
				24D1508129A57A9E0032F08D /* Frameworks */,
				24D1508229A57A9E0032F08D /* Resources */,
			);
			buildRules = (
			);
			dependencies = (
			);
			name = SudoNotification;
			productName = SudoNotification;
			productReference = 24D1508429A57A9F0032F08D /* SudoNotification.framework */;
			productType = "com.apple.product-type.framework";
		};
		5D86DC402C19BF200061BF58 /* TestExtensionApp */ = {
			isa = PBXNativeTarget;
			buildConfigurationList = 5D86DC4C2C19BF200061BF58 /* Build configuration list for PBXNativeTarget "TestExtensionApp" */;
			buildPhases = (
				5D86DC412C19BF200061BF58 /* [CP] Check Pods Manifest.lock */,
				5D86DC422C19BF200061BF58 /* Sources */,
				5D86DC452C19BF200061BF58 /* Frameworks */,
				5D86DC472C19BF200061BF58 /* Resources */,
				5D86DC4A2C19BF200061BF58 /* Copy Config To Resource */,
				5D86DC4B2C19BF200061BF58 /* [CP] Embed Pods Frameworks */,
				5D86DC6D2C19BF530061BF58 /* Embed Frameworks */,
			);
			buildRules = (
			);
			dependencies = (
				5D86DC672C19BF530061BF58 /* PBXTargetDependency */,
			);
			name = TestExtensionApp;
			productName = TestApp;
			productReference = 5D86DC4F2C19BF200061BF58 /* TestExtensionApp.app */;
			productType = "com.apple.product-type.application";
		};
		5D86DC542C19BF520061BF58 /* SudoNotificationExtension */ = {
			isa = PBXNativeTarget;
			buildConfigurationList = 5D86DC6A2C19BF530061BF58 /* Build configuration list for PBXNativeTarget "SudoNotificationExtension" */;
			buildPhases = (
				F0C4DC7FAB5F40F005535102 /* [CP] Check Pods Manifest.lock */,
				5D86DC502C19BF520061BF58 /* Headers */,
				5D86DC512C19BF520061BF58 /* Sources */,
				5D86DC522C19BF520061BF58 /* Frameworks */,
				5D86DC532C19BF520061BF58 /* Resources */,
			);
			buildRules = (
			);
			dependencies = (
			);
			name = SudoNotificationExtension;
			productName = SudoNotificationExtension;
			productReference = 5D86DC552C19BF520061BF58 /* SudoNotificationExtension.framework */;
			productType = "com.apple.product-type.framework";
		};
		5D86DC5B2C19BF530061BF58 /* SudoNotificationExtensionTests */ = {
			isa = PBXNativeTarget;
			buildConfigurationList = 5D86DC6E2C19BF530061BF58 /* Build configuration list for PBXNativeTarget "SudoNotificationExtensionTests" */;
			buildPhases = (
				A71FE7E43871C6518F7AE28D /* [CP] Check Pods Manifest.lock */,
				5D86DC582C19BF530061BF58 /* Sources */,
				5D86DC592C19BF530061BF58 /* Frameworks */,
				5D86DC5A2C19BF530061BF58 /* Resources */,
				F8893A019DD9AB35B45F6EDA /* [CP] Embed Pods Frameworks */,
			);
			buildRules = (
			);
			dependencies = (
				5D86DC5F2C19BF530061BF58 /* PBXTargetDependency */,
				5D86DC612C19BF530061BF58 /* PBXTargetDependency */,
			);
			name = SudoNotificationExtensionTests;
			productName = SudoNotificationExtensionTests;
			productReference = 5D86DC5C2C19BF530061BF58 /* SudoNotificationExtensionTests.xctest */;
			productType = "com.apple.product-type.bundle.unit-test";
		};
/* End PBXNativeTarget section */

/* Begin PBXProject section */
		24D1500529A56FA90032F08D /* Project object */ = {
			isa = PBXProject;
			attributes = {
				BuildIndependentTargetsInParallel = 1;
				KnownAssetTags = (
					New,
				);
				LastSwiftUpdateCheck = 1540;
				LastUpgradeCheck = 1420;
				TargetAttributes = {
					24ACC90729C8E4B10043AEA0 = {
						CreatedOnToolsVersion = 14.2;
						TestTargetID = 24D1504929A5717A0032F08D;
					};
					24D1501D29A56FAB0032F08D = {
						CreatedOnToolsVersion = 14.2;
						TestTargetID = 24D1504929A5717A0032F08D;
					};
					24D1504929A5717A0032F08D = {
						CreatedOnToolsVersion = 14.2;
					};
					24D1508329A57A9E0032F08D = {
						CreatedOnToolsVersion = 14.2;
						LastSwiftMigration = 1420;
					};
					5D86DC542C19BF520061BF58 = {
						CreatedOnToolsVersion = 15.4;
					};
					5D86DC5B2C19BF530061BF58 = {
						CreatedOnToolsVersion = 15.4;
						TestTargetID = 5D86DC402C19BF200061BF58;
					};
				};
			};
			buildConfigurationList = 24D1500829A56FA90032F08D /* Build configuration list for PBXProject "SudoNotification" */;
			compatibilityVersion = "Xcode 9.3";
			developmentRegion = en;
			hasScannedForEncodings = 0;
			knownRegions = (
				en,
				Base,
			);
			mainGroup = 24D1500429A56FA90032F08D;
			productRefGroup = 24D1500E29A56FA90032F08D /* Products */;
			projectDirPath = "";
			projectRoot = "";
			targets = (
				24D1508329A57A9E0032F08D /* SudoNotification */,
				24D1501D29A56FAB0032F08D /* SudoNotificationTests */,
				24ACC90729C8E4B10043AEA0 /* SudoNotificationIntegrationTests */,
				24D1504929A5717A0032F08D /* TestApp */,
				5D86DC402C19BF200061BF58 /* TestExtensionApp */,
				5D86DC542C19BF520061BF58 /* SudoNotificationExtension */,
				5D86DC5B2C19BF530061BF58 /* SudoNotificationExtensionTests */,
			);
		};
/* End PBXProject section */

/* Begin PBXResourcesBuildPhase section */
		24ACC90629C8E4B10043AEA0 /* Resources */ = {
			isa = PBXResourcesBuildPhase;
			buildActionMask = 2147483647;
			files = (
			);
			runOnlyForDeploymentPostprocessing = 0;
		};
		24D1501C29A56FAB0032F08D /* Resources */ = {
			isa = PBXResourcesBuildPhase;
			buildActionMask = 2147483647;
			files = (
			);
			runOnlyForDeploymentPostprocessing = 0;
		};
		24D1504829A5717A0032F08D /* Resources */ = {
			isa = PBXResourcesBuildPhase;
			buildActionMask = 2147483647;
			files = (
				24D1505129A5717B0032F08D /* Assets.xcassets in Resources */,
				24D1505429A5717B0032F08D /* Preview Assets.xcassets in Resources */,
			);
			runOnlyForDeploymentPostprocessing = 0;
		};
		24D1508229A57A9E0032F08D /* Resources */ = {
			isa = PBXResourcesBuildPhase;
			buildActionMask = 2147483647;
			files = (
			);
			runOnlyForDeploymentPostprocessing = 0;
		};
		5D86DC472C19BF200061BF58 /* Resources */ = {
			isa = PBXResourcesBuildPhase;
			buildActionMask = 2147483647;
			files = (
				5D86DC492C19BF200061BF58 /* Assets.xcassets in Resources */,
				5D86DC482C19BF200061BF58 /* Preview Assets.xcassets in Resources */,
			);
			runOnlyForDeploymentPostprocessing = 0;
		};
		5D86DC532C19BF520061BF58 /* Resources */ = {
			isa = PBXResourcesBuildPhase;
			buildActionMask = 2147483647;
			files = (
			);
			runOnlyForDeploymentPostprocessing = 0;
		};
		5D86DC5A2C19BF530061BF58 /* Resources */ = {
			isa = PBXResourcesBuildPhase;
			buildActionMask = 2147483647;
			files = (
				5D86DC8A2C19C7F70061BF58 /* SudoNotificationExtension.podspec in Resources */,
			);
			runOnlyForDeploymentPostprocessing = 0;
		};
/* End PBXResourcesBuildPhase section */

/* Begin PBXShellScriptBuildPhase section */
		17A5A01FEEAB34C729BD7DC8 /* [CP] Check Pods Manifest.lock */ = {
			isa = PBXShellScriptBuildPhase;
			buildActionMask = 2147483647;
			files = (
			);
			inputFileListPaths = (
			);
			inputPaths = (
				"${PODS_PODFILE_DIR_PATH}/Podfile.lock",
				"${PODS_ROOT}/Manifest.lock",
			);
			name = "[CP] Check Pods Manifest.lock";
			outputFileListPaths = (
			);
			outputPaths = (
				"$(DERIVED_FILE_DIR)/Pods-SudoNotification-SudoNotificationTests-checkManifestLockResult.txt",
			);
			runOnlyForDeploymentPostprocessing = 0;
			shellPath = /bin/sh;
			shellScript = "diff \"${PODS_PODFILE_DIR_PATH}/Podfile.lock\" \"${PODS_ROOT}/Manifest.lock\" > /dev/null\nif [ $? != 0 ] ; then\n    # print error to STDERR\n    echo \"error: The sandbox is not in sync with the Podfile.lock. Run 'pod install' or update your CocoaPods installation.\" >&2\n    exit 1\nfi\n# This output is used by Xcode 'outputs' to avoid re-running this script phase.\necho \"SUCCESS\" > \"${SCRIPT_OUTPUT_FILE_0}\"\n";
			showEnvVarsInLog = 0;
		};
		24ACC91729C8E8070043AEA0 /* Copy Configuration */ = {
			isa = PBXShellScriptBuildPhase;
			buildActionMask = 2147483647;
			files = (
			);
			inputFileListPaths = (
			);
			inputPaths = (
			);
			name = "Copy Configuration";
			outputFileListPaths = (
			);
			outputPaths = (
			);
			runOnlyForDeploymentPostprocessing = 0;
			shellPath = /bin/sh;
			shellScript = "cp -f /var/anonyome_key/* \"${TARGET_BUILD_DIR}/${UNLOCALIZED_RESOURCES_FOLDER_PATH}/\" || :\ncp -v -f config/* \"${TARGET_BUILD_DIR}/${UNLOCALIZED_RESOURCES_FOLDER_PATH}/\" || :\ncp -f config/register_key.id \"${TARGET_BUILD_DIR}/${UNLOCALIZED_RESOURCES_FOLDER_PATH}/\" || :\necho \"gdsgsadgdsfa\"\n";
		};
		24ACC91829C8E9CB0043AEA0 /* [CP] Embed Pods Frameworks */ = {
			isa = PBXShellScriptBuildPhase;
			buildActionMask = 2147483647;
			files = (
			);
			inputFileListPaths = (
				"${PODS_ROOT}/Target Support Files/Pods-SudoNotification-SudoNotificationTests-SudoNotificationIntegrationTests/Pods-SudoNotification-SudoNotificationTests-SudoNotificationIntegrationTests-frameworks-${CONFIGURATION}-input-files.xcfilelist",
			);
			name = "[CP] Embed Pods Frameworks";
			outputFileListPaths = (
				"${PODS_ROOT}/Target Support Files/Pods-SudoNotification-SudoNotificationTests-SudoNotificationIntegrationTests/Pods-SudoNotification-SudoNotificationTests-SudoNotificationIntegrationTests-frameworks-${CONFIGURATION}-output-files.xcfilelist",
			);
			runOnlyForDeploymentPostprocessing = 0;
			shellPath = /bin/sh;
			shellScript = "\"${PODS_ROOT}/Target Support Files/Pods-SudoNotification-SudoNotificationTests-SudoNotificationIntegrationTests/Pods-SudoNotification-SudoNotificationTests-SudoNotificationIntegrationTests-frameworks.sh\"\n";
		};
		24ACC91C29C902500043AEA0 /* Copy Config To Resource */ = {
			isa = PBXShellScriptBuildPhase;
			buildActionMask = 2147483647;
			files = (
			);
			inputFileListPaths = (
			);
			inputPaths = (
			);
			name = "Copy Config To Resource";
			outputFileListPaths = (
			);
			outputPaths = (
			);
			runOnlyForDeploymentPostprocessing = 0;
			shellPath = /bin/sh;
			shellScript = "# Type a script or drag a script file from your workspace to insert its path.\ncp -f config/sudoplatformconfig.json \"${TARGET_BUILD_DIR}/${UNLOCALIZED_RESOURCES_FOLDER_PATH}/\"\nls ${TARGET_BUILD_DIR}/${UNLOCALIZED_RESOURCES_FOLDER_PATH}\n";
		};
		510870C03581302233C20B68 /* [CP] Embed Pods Frameworks */ = {
			isa = PBXShellScriptBuildPhase;
			buildActionMask = 2147483647;
			files = (
			);
			inputFileListPaths = (
				"${PODS_ROOT}/Target Support Files/Pods-SudoNotification-TestApp/Pods-SudoNotification-TestApp-frameworks-${CONFIGURATION}-input-files.xcfilelist",
			);
			name = "[CP] Embed Pods Frameworks";
			outputFileListPaths = (
				"${PODS_ROOT}/Target Support Files/Pods-SudoNotification-TestApp/Pods-SudoNotification-TestApp-frameworks-${CONFIGURATION}-output-files.xcfilelist",
			);
			runOnlyForDeploymentPostprocessing = 0;
			shellPath = /bin/sh;
			shellScript = "\"${PODS_ROOT}/Target Support Files/Pods-SudoNotification-TestApp/Pods-SudoNotification-TestApp-frameworks.sh\"\n";
			showEnvVarsInLog = 0;
		};
		5D86DC412C19BF200061BF58 /* [CP] Check Pods Manifest.lock */ = {
			isa = PBXShellScriptBuildPhase;
			buildActionMask = 2147483647;
			files = (
			);
			inputFileListPaths = (
			);
			inputPaths = (
				"${PODS_PODFILE_DIR_PATH}/Podfile.lock",
				"${PODS_ROOT}/Manifest.lock",
			);
			name = "[CP] Check Pods Manifest.lock";
			outputFileListPaths = (
			);
			outputPaths = (
				"$(DERIVED_FILE_DIR)/Pods-SudoNotificationExtension-TestExtensionApp-checkManifestLockResult.txt",
			);
			runOnlyForDeploymentPostprocessing = 0;
			shellPath = /bin/sh;
			shellScript = "diff \"${PODS_PODFILE_DIR_PATH}/Podfile.lock\" \"${PODS_ROOT}/Manifest.lock\" > /dev/null\nif [ $? != 0 ] ; then\n    # print error to STDERR\n    echo \"error: The sandbox is not in sync with the Podfile.lock. Run 'pod install' or update your CocoaPods installation.\" >&2\n    exit 1\nfi\n# This output is used by Xcode 'outputs' to avoid re-running this script phase.\necho \"SUCCESS\" > \"${SCRIPT_OUTPUT_FILE_0}\"\n";
			showEnvVarsInLog = 0;
		};
		5D86DC4A2C19BF200061BF58 /* Copy Config To Resource */ = {
			isa = PBXShellScriptBuildPhase;
			buildActionMask = 2147483647;
			files = (
			);
			inputFileListPaths = (
			);
			inputPaths = (
			);
			name = "Copy Config To Resource";
			outputFileListPaths = (
			);
			outputPaths = (
			);
			runOnlyForDeploymentPostprocessing = 0;
			shellPath = /bin/sh;
			shellScript = "# Type a script or drag a script file from your workspace to insert its path.\ncp -f config/sudoplatformconfig.json \"${TARGET_BUILD_DIR}/${UNLOCALIZED_RESOURCES_FOLDER_PATH}/\"\nls ${TARGET_BUILD_DIR}/${UNLOCALIZED_RESOURCES_FOLDER_PATH}\n";
		};
		5D86DC4B2C19BF200061BF58 /* [CP] Embed Pods Frameworks */ = {
			isa = PBXShellScriptBuildPhase;
			buildActionMask = 2147483647;
			files = (
			);
			inputFileListPaths = (
				"${PODS_ROOT}/Target Support Files/Pods-SudoNotificationExtension-TestExtensionApp/Pods-SudoNotificationExtension-TestExtensionApp-frameworks-${CONFIGURATION}-input-files.xcfilelist",
			);
			name = "[CP] Embed Pods Frameworks";
			outputFileListPaths = (
				"${PODS_ROOT}/Target Support Files/Pods-SudoNotificationExtension-TestExtensionApp/Pods-SudoNotificationExtension-TestExtensionApp-frameworks-${CONFIGURATION}-output-files.xcfilelist",
			);
			runOnlyForDeploymentPostprocessing = 0;
			shellPath = /bin/sh;
			shellScript = "\"${PODS_ROOT}/Target Support Files/Pods-SudoNotificationExtension-TestExtensionApp/Pods-SudoNotificationExtension-TestExtensionApp-frameworks.sh\"\n";
			showEnvVarsInLog = 0;
		};
		629883372DD75D4AEC6AC77F /* [CP] Check Pods Manifest.lock */ = {
			isa = PBXShellScriptBuildPhase;
			buildActionMask = 2147483647;
			files = (
			);
			inputFileListPaths = (
			);
			inputPaths = (
				"${PODS_PODFILE_DIR_PATH}/Podfile.lock",
				"${PODS_ROOT}/Manifest.lock",
			);
			name = "[CP] Check Pods Manifest.lock";
			outputFileListPaths = (
			);
			outputPaths = (
				"$(DERIVED_FILE_DIR)/Pods-SudoNotification-SudoNotificationTests-SudoNotificationIntegrationTests-checkManifestLockResult.txt",
			);
			runOnlyForDeploymentPostprocessing = 0;
			shellPath = /bin/sh;
			shellScript = "diff \"${PODS_PODFILE_DIR_PATH}/Podfile.lock\" \"${PODS_ROOT}/Manifest.lock\" > /dev/null\nif [ $? != 0 ] ; then\n    # print error to STDERR\n    echo \"error: The sandbox is not in sync with the Podfile.lock. Run 'pod install' or update your CocoaPods installation.\" >&2\n    exit 1\nfi\n# This output is used by Xcode 'outputs' to avoid re-running this script phase.\necho \"SUCCESS\" > \"${SCRIPT_OUTPUT_FILE_0}\"\n";
			showEnvVarsInLog = 0;
		};
		6720FA6848283820956A4105 /* [CP] Check Pods Manifest.lock */ = {
			isa = PBXShellScriptBuildPhase;
			buildActionMask = 2147483647;
			files = (
			);
			inputFileListPaths = (
			);
			inputPaths = (
				"${PODS_PODFILE_DIR_PATH}/Podfile.lock",
				"${PODS_ROOT}/Manifest.lock",
			);
			name = "[CP] Check Pods Manifest.lock";
			outputFileListPaths = (
			);
			outputPaths = (
				"$(DERIVED_FILE_DIR)/Pods-SudoNotification-checkManifestLockResult.txt",
			);
			runOnlyForDeploymentPostprocessing = 0;
			shellPath = /bin/sh;
			shellScript = "diff \"${PODS_PODFILE_DIR_PATH}/Podfile.lock\" \"${PODS_ROOT}/Manifest.lock\" > /dev/null\nif [ $? != 0 ] ; then\n    # print error to STDERR\n    echo \"error: The sandbox is not in sync with the Podfile.lock. Run 'pod install' or update your CocoaPods installation.\" >&2\n    exit 1\nfi\n# This output is used by Xcode 'outputs' to avoid re-running this script phase.\necho \"SUCCESS\" > \"${SCRIPT_OUTPUT_FILE_0}\"\n";
			showEnvVarsInLog = 0;
		};
		85D49DA2A88949C4597896B7 /* [CP] Embed Pods Frameworks */ = {
			isa = PBXShellScriptBuildPhase;
			buildActionMask = 2147483647;
			files = (
			);
			inputFileListPaths = (
				"${PODS_ROOT}/Target Support Files/Pods-SudoNotification-SudoNotificationTests/Pods-SudoNotification-SudoNotificationTests-frameworks-${CONFIGURATION}-input-files.xcfilelist",
			);
			name = "[CP] Embed Pods Frameworks";
			outputFileListPaths = (
				"${PODS_ROOT}/Target Support Files/Pods-SudoNotification-SudoNotificationTests/Pods-SudoNotification-SudoNotificationTests-frameworks-${CONFIGURATION}-output-files.xcfilelist",
			);
			runOnlyForDeploymentPostprocessing = 0;
			shellPath = /bin/sh;
			shellScript = "\"${PODS_ROOT}/Target Support Files/Pods-SudoNotification-SudoNotificationTests/Pods-SudoNotification-SudoNotificationTests-frameworks.sh\"\n";
			showEnvVarsInLog = 0;
		};
		A71FE7E43871C6518F7AE28D /* [CP] Check Pods Manifest.lock */ = {
			isa = PBXShellScriptBuildPhase;
			buildActionMask = 2147483647;
			files = (
			);
			inputFileListPaths = (
			);
			inputPaths = (
				"${PODS_PODFILE_DIR_PATH}/Podfile.lock",
				"${PODS_ROOT}/Manifest.lock",
			);
			name = "[CP] Check Pods Manifest.lock";
			outputFileListPaths = (
			);
			outputPaths = (
				"$(DERIVED_FILE_DIR)/Pods-SudoNotificationExtension-SudoNotificationExtensionTests-checkManifestLockResult.txt",
			);
			runOnlyForDeploymentPostprocessing = 0;
			shellPath = /bin/sh;
			shellScript = "diff \"${PODS_PODFILE_DIR_PATH}/Podfile.lock\" \"${PODS_ROOT}/Manifest.lock\" > /dev/null\nif [ $? != 0 ] ; then\n    # print error to STDERR\n    echo \"error: The sandbox is not in sync with the Podfile.lock. Run 'pod install' or update your CocoaPods installation.\" >&2\n    exit 1\nfi\n# This output is used by Xcode 'outputs' to avoid re-running this script phase.\necho \"SUCCESS\" > \"${SCRIPT_OUTPUT_FILE_0}\"\n";
			showEnvVarsInLog = 0;
		};
		B4B36E1543E4E0CEA4FAF6FB /* [CP] Check Pods Manifest.lock */ = {
			isa = PBXShellScriptBuildPhase;
			buildActionMask = 2147483647;
			files = (
			);
			inputFileListPaths = (
			);
			inputPaths = (
				"${PODS_PODFILE_DIR_PATH}/Podfile.lock",
				"${PODS_ROOT}/Manifest.lock",
			);
			name = "[CP] Check Pods Manifest.lock";
			outputFileListPaths = (
			);
			outputPaths = (
				"$(DERIVED_FILE_DIR)/Pods-SudoNotification-TestApp-checkManifestLockResult.txt",
			);
			runOnlyForDeploymentPostprocessing = 0;
			shellPath = /bin/sh;
			shellScript = "diff \"${PODS_PODFILE_DIR_PATH}/Podfile.lock\" \"${PODS_ROOT}/Manifest.lock\" > /dev/null\nif [ $? != 0 ] ; then\n    # print error to STDERR\n    echo \"error: The sandbox is not in sync with the Podfile.lock. Run 'pod install' or update your CocoaPods installation.\" >&2\n    exit 1\nfi\n# This output is used by Xcode 'outputs' to avoid re-running this script phase.\necho \"SUCCESS\" > \"${SCRIPT_OUTPUT_FILE_0}\"\n";
			showEnvVarsInLog = 0;
		};
		F0C4DC7FAB5F40F005535102 /* [CP] Check Pods Manifest.lock */ = {
			isa = PBXShellScriptBuildPhase;
			buildActionMask = 2147483647;
			files = (
			);
			inputFileListPaths = (
			);
			inputPaths = (
				"${PODS_PODFILE_DIR_PATH}/Podfile.lock",
				"${PODS_ROOT}/Manifest.lock",
			);
			name = "[CP] Check Pods Manifest.lock";
			outputFileListPaths = (
			);
			outputPaths = (
				"$(DERIVED_FILE_DIR)/Pods-SudoNotificationExtension-checkManifestLockResult.txt",
			);
			runOnlyForDeploymentPostprocessing = 0;
			shellPath = /bin/sh;
			shellScript = "diff \"${PODS_PODFILE_DIR_PATH}/Podfile.lock\" \"${PODS_ROOT}/Manifest.lock\" > /dev/null\nif [ $? != 0 ] ; then\n    # print error to STDERR\n    echo \"error: The sandbox is not in sync with the Podfile.lock. Run 'pod install' or update your CocoaPods installation.\" >&2\n    exit 1\nfi\n# This output is used by Xcode 'outputs' to avoid re-running this script phase.\necho \"SUCCESS\" > \"${SCRIPT_OUTPUT_FILE_0}\"\n";
			showEnvVarsInLog = 0;
		};
		F8893A019DD9AB35B45F6EDA /* [CP] Embed Pods Frameworks */ = {
			isa = PBXShellScriptBuildPhase;
			buildActionMask = 2147483647;
			files = (
			);
			inputFileListPaths = (
				"${PODS_ROOT}/Target Support Files/Pods-SudoNotificationExtension-SudoNotificationExtensionTests/Pods-SudoNotificationExtension-SudoNotificationExtensionTests-frameworks-${CONFIGURATION}-input-files.xcfilelist",
			);
			name = "[CP] Embed Pods Frameworks";
			outputFileListPaths = (
				"${PODS_ROOT}/Target Support Files/Pods-SudoNotificationExtension-SudoNotificationExtensionTests/Pods-SudoNotificationExtension-SudoNotificationExtensionTests-frameworks-${CONFIGURATION}-output-files.xcfilelist",
			);
			runOnlyForDeploymentPostprocessing = 0;
			shellPath = /bin/sh;
			shellScript = "\"${PODS_ROOT}/Target Support Files/Pods-SudoNotificationExtension-SudoNotificationExtensionTests/Pods-SudoNotificationExtension-SudoNotificationExtensionTests-frameworks.sh\"\n";
			showEnvVarsInLog = 0;
		};
/* End PBXShellScriptBuildPhase section */

/* Begin PBXSourcesBuildPhase section */
		24ACC90429C8E4B10043AEA0 /* Sources */ = {
			isa = PBXSourcesBuildPhase;
			buildActionMask = 2147483647;
			files = (
				24ACC91B29C8FBEE0043AEA0 /* AnyError.swift in Sources */,
				24ACC91329C8E4EB0043AEA0 /* BaseIntegrationTestCase.swift in Sources */,
				24ACC91E29C92E870043AEA0 /* NotificationConfigItem+Equatable.swift in Sources */,
				24ACC90B29C8E4B10043AEA0 /* SudoNotificationIntegrationTests.swift in Sources */,
				2451ECC829EA10A100DE3F8B /* TestNotificationMetaData.swift in Sources */,
			);
			runOnlyForDeploymentPostprocessing = 0;
		};
		24D1501A29A56FAB0032F08D /* Sources */ = {
			isa = PBXSourcesBuildPhase;
			buildActionMask = 2147483647;
			files = (
				5D86DC8E2C19C9280061BF58 /* AnyError.swift in Sources */,
				24D1502329A56FAB0032F08D /* SudoNotificationTests.swift in Sources */,
			);
			runOnlyForDeploymentPostprocessing = 0;
		};
		24D1504629A5717A0032F08D /* Sources */ = {
			isa = PBXSourcesBuildPhase;
			buildActionMask = 2147483647;
			files = (
				24D1504F29A5717A0032F08D /* ContentView.swift in Sources */,
				24D1504D29A5717A0032F08D /* TestAppApp.swift in Sources */,
			);
			runOnlyForDeploymentPostprocessing = 0;
		};
		24D1508029A57A9E0032F08D /* Sources */ = {
			isa = PBXSourcesBuildPhase;
			buildActionMask = 2147483647;
			files = (
				24D1509329A583040032F08D /* Bundle+Static.swift in Sources */,
				24D150B129A6CBF70032F08D /* CachePolicy.swift in Sources */,
				5D86DC3A2C19BE1D0061BF58 /* Constants.swift in Sources */,
				24D150A229A5A2C80032F08D /* DefaultNotificationDeviceInputProvider.swift in Sources */,
				24D150AF29A6C03A0032F08D /* DefaultNotificationRepository.swift in Sources */,
				24D1509B29A594AF0032F08D /* DefaultSudoNotificationClient.swift in Sources */,
				24D150B729A712C30032F08D /* DeRegisterNotificationUseCase.swift in Sources */,
				24D150AB29A6AE3F0032F08D /* GetNotificationConfigurationUseCase.swift in Sources */,
				24D1508C29A582200032F08D /* GraphQLAPI.swift in Sources */,
				24D1509929A5936D0032F08D /* NotificationConfiguration.swift in Sources */,
				24D150A029A59F9C0032F08D /* NotificationDeviceInputProvider.swift in Sources */,
				24D150A929A6AB0E0032F08D /* NotificationRepository.swift in Sources */,
				24D150B329A6CF4D0032F08D /* NotificationTransformer.swift in Sources */,
				24D150A629A6AAAA0032F08D /* RegisterNotificationUseCase.swift in Sources */,
				24D1509E29A595990032F08D /* Resetable.swift in Sources */,
				24D150AD29A6AE4A0032F08D /* SetNotificationConfigurationUseCase.swift in Sources */,
				24D1509129A582B40032F08D /* SudoLogger+Notification.swift in Sources */,
				24D1509729A5925A0032F08D /* SudoNotificationClient.swift in Sources */,
				5D86DC3D2C19BE2E0061BF58 /* SudoNotificationError.swift in Sources */,
				24D1509529A5836E0032F08D /* SudoNotificationError.swift in Sources */,
				5D86DC3F2C19BEAC0061BF58 /* SudoNotificationFilterClient.swift in Sources */,
				24F0319C29AD217700CD93E6 /* UpdateNotificationUseCase.swift in Sources */,
				24D150A429A6AA170032F08D /* UseCaseFactory.swift in Sources */,
			);
			runOnlyForDeploymentPostprocessing = 0;
		};
		5D86DC422C19BF200061BF58 /* Sources */ = {
			isa = PBXSourcesBuildPhase;
			buildActionMask = 2147483647;
			files = (
				5D86DC432C19BF200061BF58 /* ContentView.swift in Sources */,
				5D86DC442C19BF200061BF58 /* TestAppApp.swift in Sources */,
			);
			runOnlyForDeploymentPostprocessing = 0;
		};
		5D86DC512C19BF520061BF58 /* Sources */ = {
			isa = PBXSourcesBuildPhase;
			buildActionMask = 2147483647;
			files = (
				5D86DC822C19BF9D0061BF58 /* DefaultSudoNotifiableClient.swift in Sources */,
				5D86DC7D2C19BF9D0061BF58 /* SudoLogger+NotifiableClient.swift in Sources */,
				5D86DC7F2C19BF9D0061BF58 /* SudoNotifiableClient.swift in Sources */,
				5D86DC7E2C19BF9D0061BF58 /* SudoNotifiableClientError.swift in Sources */,
				5D86DC802C19BF9D0061BF58 /* SudoNotification.swift in Sources */,
				5D86DC812C19BF9D0061BF58 /* SudoNotificationData.swift in Sources */,
			);
			runOnlyForDeploymentPostprocessing = 0;
		};
		5D86DC582C19BF530061BF58 /* Sources */ = {
			isa = PBXSourcesBuildPhase;
			buildActionMask = 2147483647;
			files = (
				5D86DC882C19C2550061BF58 /* AnyError.swift in Sources */,
				5D86DC852C19BFC80061BF58 /* DefaultSudoNotifiableClientTests.swift in Sources */,
				5D86DC862C19BFC80061BF58 /* TestNotifiableClient.swift in Sources */,
			);
			runOnlyForDeploymentPostprocessing = 0;
		};
/* End PBXSourcesBuildPhase section */

/* Begin PBXTargetDependency section */
		24AC03442A82F96800E0D718 /* PBXTargetDependency */ = {
			isa = PBXTargetDependency;
			target = 24D1504929A5717A0032F08D /* TestApp */;
			targetProxy = 24AC03432A82F96800E0D718 /* PBXContainerItemProxy */;
		};
		24ACC90E29C8E4B10043AEA0 /* PBXTargetDependency */ = {
			isa = PBXTargetDependency;
			platformFilter = ios;
			target = 24D1508329A57A9E0032F08D /* SudoNotification */;
			targetProxy = 24ACC90D29C8E4B10043AEA0 /* PBXContainerItemProxy */;
		};
		24ACC91529C8E79E0043AEA0 /* PBXTargetDependency */ = {
			isa = PBXTargetDependency;
			target = 24D1504929A5717A0032F08D /* TestApp */;
			targetProxy = 24ACC91429C8E79E0043AEA0 /* PBXContainerItemProxy */;
		};
		5D22F3D52C19D3D000AE54C9 /* PBXTargetDependency */ = {
			isa = PBXTargetDependency;
			target = 24D1508329A57A9E0032F08D /* SudoNotification */;
			targetProxy = 5D22F3D42C19D3D000AE54C9 /* PBXContainerItemProxy */;
		};
		5D86DC5F2C19BF530061BF58 /* PBXTargetDependency */ = {
			isa = PBXTargetDependency;
			target = 5D86DC542C19BF520061BF58 /* SudoNotificationExtension */;
			targetProxy = 5D86DC5E2C19BF530061BF58 /* PBXContainerItemProxy */;
		};
		5D86DC612C19BF530061BF58 /* PBXTargetDependency */ = {
			isa = PBXTargetDependency;
			target = 5D86DC402C19BF200061BF58 /* TestExtensionApp */;
			targetProxy = 5D86DC602C19BF530061BF58 /* PBXContainerItemProxy */;
		};
		5D86DC672C19BF530061BF58 /* PBXTargetDependency */ = {
			isa = PBXTargetDependency;
			target = 5D86DC542C19BF520061BF58 /* SudoNotificationExtension */;
			targetProxy = 5D86DC662C19BF530061BF58 /* PBXContainerItemProxy */;
		};
/* End PBXTargetDependency section */

/* Begin XCBuildConfiguration section */
		24ACC90F29C8E4B10043AEA0 /* Debug */ = {
			isa = XCBuildConfiguration;
			baseConfigurationReference = 0399CD2F7FF88DD91B2B2AF1 /* Pods-SudoNotification-SudoNotificationTests-SudoNotificationIntegrationTests.debug.xcconfig */;
			buildSettings = {
				CODE_SIGN_STYLE = Automatic;
				CURRENT_PROJECT_VERSION = 1;
				DEVELOPMENT_TEAM = UU2W43R8JA;
				GENERATE_INFOPLIST_FILE = YES;
				IPHONEOS_DEPLOYMENT_TARGET = 15.0;
				MARKETING_VERSION = 1.0;
				PRODUCT_BUNDLE_IDENTIFIER = com.sudoplatform.SudoNotificationIntegrationTests;
				PRODUCT_NAME = "$(TARGET_NAME)";
				SDKROOT = iphoneos;
				SUPPORTED_PLATFORMS = "iphoneos iphonesimulator";
				SUPPORTS_MACCATALYST = NO;
				SUPPORTS_MAC_DESIGNED_FOR_IPHONE_IPAD = NO;
				SUPPORTS_XR_DESIGNED_FOR_IPHONE_IPAD = NO;
				SWIFT_EMIT_LOC_STRINGS = NO;
				SWIFT_VERSION = 5.0;
				TARGETED_DEVICE_FAMILY = "1,2";
				TEST_HOST = "$(BUILT_PRODUCTS_DIR)/TestApp.app/$(BUNDLE_EXECUTABLE_FOLDER_PATH)/TestApp";
			};
			name = Debug;
		};
		24ACC91029C8E4B10043AEA0 /* Release */ = {
			isa = XCBuildConfiguration;
			baseConfigurationReference = A353E76E9F8183E185327C2C /* Pods-SudoNotification-SudoNotificationTests-SudoNotificationIntegrationTests.release.xcconfig */;
			buildSettings = {
				CODE_SIGN_STYLE = Automatic;
				CURRENT_PROJECT_VERSION = 1;
				DEVELOPMENT_TEAM = UU2W43R8JA;
				GENERATE_INFOPLIST_FILE = YES;
				IPHONEOS_DEPLOYMENT_TARGET = 15.0;
				MARKETING_VERSION = 1.0;
				PRODUCT_BUNDLE_IDENTIFIER = com.sudoplatform.SudoNotificationIntegrationTests;
				PRODUCT_NAME = "$(TARGET_NAME)";
				SDKROOT = iphoneos;
				SUPPORTED_PLATFORMS = "iphoneos iphonesimulator";
				SUPPORTS_MACCATALYST = NO;
				SUPPORTS_MAC_DESIGNED_FOR_IPHONE_IPAD = NO;
				SUPPORTS_XR_DESIGNED_FOR_IPHONE_IPAD = NO;
				SWIFT_EMIT_LOC_STRINGS = NO;
				SWIFT_VERSION = 5.0;
				TARGETED_DEVICE_FAMILY = "1,2";
				TEST_HOST = "$(BUILT_PRODUCTS_DIR)/TestApp.app/$(BUNDLE_EXECUTABLE_FOLDER_PATH)/TestApp";
				VALIDATE_PRODUCT = YES;
			};
			name = Release;
		};
		24D1503029A56FAB0032F08D /* Debug */ = {
			isa = XCBuildConfiguration;
			buildSettings = {
				ALWAYS_SEARCH_USER_PATHS = NO;
				CLANG_ANALYZER_NONNULL = YES;
				CLANG_ANALYZER_NUMBER_OBJECT_CONVERSION = YES_AGGRESSIVE;
				CLANG_CXX_LANGUAGE_STANDARD = "gnu++20";
				CLANG_ENABLE_MODULES = YES;
				CLANG_ENABLE_OBJC_ARC = YES;
				CLANG_ENABLE_OBJC_WEAK = YES;
				CLANG_WARN_BLOCK_CAPTURE_AUTORELEASING = YES;
				CLANG_WARN_BOOL_CONVERSION = YES;
				CLANG_WARN_COMMA = YES;
				CLANG_WARN_CONSTANT_CONVERSION = YES;
				CLANG_WARN_DEPRECATED_OBJC_IMPLEMENTATIONS = YES;
				CLANG_WARN_DIRECT_OBJC_ISA_USAGE = YES_ERROR;
				CLANG_WARN_DOCUMENTATION_COMMENTS = YES;
				CLANG_WARN_EMPTY_BODY = YES;
				CLANG_WARN_ENUM_CONVERSION = YES;
				CLANG_WARN_INFINITE_RECURSION = YES;
				CLANG_WARN_INT_CONVERSION = YES;
				CLANG_WARN_NON_LITERAL_NULL_CONVERSION = YES;
				CLANG_WARN_OBJC_IMPLICIT_RETAIN_SELF = YES;
				CLANG_WARN_OBJC_LITERAL_CONVERSION = YES;
				CLANG_WARN_OBJC_ROOT_CLASS = YES_ERROR;
				CLANG_WARN_QUOTED_INCLUDE_IN_FRAMEWORK_HEADER = YES;
				CLANG_WARN_RANGE_LOOP_ANALYSIS = YES;
				CLANG_WARN_STRICT_PROTOTYPES = YES;
				CLANG_WARN_SUSPICIOUS_MOVE = YES;
				CLANG_WARN_UNGUARDED_AVAILABILITY = YES_AGGRESSIVE;
				CLANG_WARN_UNREACHABLE_CODE = YES;
				CLANG_WARN__DUPLICATE_METHOD_MATCH = YES;
				COPY_PHASE_STRIP = NO;
				DEBUG_INFORMATION_FORMAT = dwarf;
				ENABLE_STRICT_OBJC_MSGSEND = YES;
				ENABLE_TESTABILITY = YES;
				GCC_C_LANGUAGE_STANDARD = gnu11;
				GCC_DYNAMIC_NO_PIC = NO;
				GCC_NO_COMMON_BLOCKS = YES;
				GCC_OPTIMIZATION_LEVEL = 0;
				GCC_PREPROCESSOR_DEFINITIONS = (
					"DEBUG=1",
					"$(inherited)",
				);
				GCC_WARN_64_TO_32_BIT_CONVERSION = YES;
				GCC_WARN_ABOUT_RETURN_TYPE = YES_ERROR;
				GCC_WARN_UNDECLARED_SELECTOR = YES;
				GCC_WARN_UNINITIALIZED_AUTOS = YES_AGGRESSIVE;
				GCC_WARN_UNUSED_FUNCTION = YES;
				GCC_WARN_UNUSED_VARIABLE = YES;
				MTL_ENABLE_DEBUG_INFO = INCLUDE_SOURCE;
				MTL_FAST_MATH = YES;
				ONLY_ACTIVE_ARCH = YES;
				SWIFT_ACTIVE_COMPILATION_CONDITIONS = DEBUG;
				SWIFT_OPTIMIZATION_LEVEL = "-Onone";
			};
			name = Debug;
		};
		24D1503129A56FAB0032F08D /* Release */ = {
			isa = XCBuildConfiguration;
			buildSettings = {
				ALWAYS_SEARCH_USER_PATHS = NO;
				CLANG_ANALYZER_NONNULL = YES;
				CLANG_ANALYZER_NUMBER_OBJECT_CONVERSION = YES_AGGRESSIVE;
				CLANG_CXX_LANGUAGE_STANDARD = "gnu++20";
				CLANG_ENABLE_MODULES = YES;
				CLANG_ENABLE_OBJC_ARC = YES;
				CLANG_ENABLE_OBJC_WEAK = YES;
				CLANG_WARN_BLOCK_CAPTURE_AUTORELEASING = YES;
				CLANG_WARN_BOOL_CONVERSION = YES;
				CLANG_WARN_COMMA = YES;
				CLANG_WARN_CONSTANT_CONVERSION = YES;
				CLANG_WARN_DEPRECATED_OBJC_IMPLEMENTATIONS = YES;
				CLANG_WARN_DIRECT_OBJC_ISA_USAGE = YES_ERROR;
				CLANG_WARN_DOCUMENTATION_COMMENTS = YES;
				CLANG_WARN_EMPTY_BODY = YES;
				CLANG_WARN_ENUM_CONVERSION = YES;
				CLANG_WARN_INFINITE_RECURSION = YES;
				CLANG_WARN_INT_CONVERSION = YES;
				CLANG_WARN_NON_LITERAL_NULL_CONVERSION = YES;
				CLANG_WARN_OBJC_IMPLICIT_RETAIN_SELF = YES;
				CLANG_WARN_OBJC_LITERAL_CONVERSION = YES;
				CLANG_WARN_OBJC_ROOT_CLASS = YES_ERROR;
				CLANG_WARN_QUOTED_INCLUDE_IN_FRAMEWORK_HEADER = YES;
				CLANG_WARN_RANGE_LOOP_ANALYSIS = YES;
				CLANG_WARN_STRICT_PROTOTYPES = YES;
				CLANG_WARN_SUSPICIOUS_MOVE = YES;
				CLANG_WARN_UNGUARDED_AVAILABILITY = YES_AGGRESSIVE;
				CLANG_WARN_UNREACHABLE_CODE = YES;
				CLANG_WARN__DUPLICATE_METHOD_MATCH = YES;
				COPY_PHASE_STRIP = NO;
				DEBUG_INFORMATION_FORMAT = "dwarf-with-dsym";
				ENABLE_NS_ASSERTIONS = NO;
				ENABLE_STRICT_OBJC_MSGSEND = YES;
				GCC_C_LANGUAGE_STANDARD = gnu11;
				GCC_NO_COMMON_BLOCKS = YES;
				GCC_WARN_64_TO_32_BIT_CONVERSION = YES;
				GCC_WARN_ABOUT_RETURN_TYPE = YES_ERROR;
				GCC_WARN_UNDECLARED_SELECTOR = YES;
				GCC_WARN_UNINITIALIZED_AUTOS = YES_AGGRESSIVE;
				GCC_WARN_UNUSED_FUNCTION = YES;
				GCC_WARN_UNUSED_VARIABLE = YES;
				MTL_ENABLE_DEBUG_INFO = NO;
				MTL_FAST_MATH = YES;
				SWIFT_COMPILATION_MODE = wholemodule;
				SWIFT_OPTIMIZATION_LEVEL = "-O";
			};
			name = Release;
		};
		24D1503629A56FAB0032F08D /* Debug */ = {
			isa = XCBuildConfiguration;
			baseConfigurationReference = CE65359FF776AF35DB25572B /* Pods-SudoNotification-SudoNotificationTests.debug.xcconfig */;
			buildSettings = {
				BUNDLE_LOADER = "$(TEST_HOST)";
				CODE_SIGN_STYLE = Automatic;
				CURRENT_PROJECT_VERSION = 1;
				GENERATE_INFOPLIST_FILE = YES;
				IPHONEOS_DEPLOYMENT_TARGET = 15.0;
				MACOSX_DEPLOYMENT_TARGET = 13.1;
				MARKETING_VERSION = 1.0;
				PRODUCT_BUNDLE_IDENTIFIER = com.sudoplatform.SudoNotificationTests;
				PRODUCT_NAME = "$(TARGET_NAME)";
				SDKROOT = auto;
				SUPPORTED_PLATFORMS = "iphoneos iphonesimulator";
				SUPPORTS_MACCATALYST = NO;
				SWIFT_EMIT_LOC_STRINGS = NO;
				SWIFT_VERSION = 5.0;
				TARGETED_DEVICE_FAMILY = "1,2";
				TEST_HOST = "$(BUILT_PRODUCTS_DIR)/TestApp.app/$(BUNDLE_EXECUTABLE_FOLDER_PATH)/TestApp";
			};
			name = Debug;
		};
		24D1503729A56FAB0032F08D /* Release */ = {
			isa = XCBuildConfiguration;
			baseConfigurationReference = D1837B2229B0F7216DB89C02 /* Pods-SudoNotification-SudoNotificationTests.release.xcconfig */;
			buildSettings = {
				BUNDLE_LOADER = "$(TEST_HOST)";
				CODE_SIGN_STYLE = Automatic;
				CURRENT_PROJECT_VERSION = 1;
				GENERATE_INFOPLIST_FILE = YES;
				IPHONEOS_DEPLOYMENT_TARGET = 15.0;
				MACOSX_DEPLOYMENT_TARGET = 13.1;
				MARKETING_VERSION = 1.0;
				PRODUCT_BUNDLE_IDENTIFIER = com.sudoplatform.SudoNotificationTests;
				PRODUCT_NAME = "$(TARGET_NAME)";
				SDKROOT = auto;
				SUPPORTED_PLATFORMS = "iphoneos iphonesimulator";
				SUPPORTS_MACCATALYST = NO;
				SWIFT_EMIT_LOC_STRINGS = NO;
				SWIFT_VERSION = 5.0;
				TARGETED_DEVICE_FAMILY = "1,2";
				TEST_HOST = "$(BUILT_PRODUCTS_DIR)/TestApp.app/$(BUNDLE_EXECUTABLE_FOLDER_PATH)/TestApp";
			};
			name = Release;
		};
		24D1505629A5717B0032F08D /* Debug */ = {
			isa = XCBuildConfiguration;
			baseConfigurationReference = FB7E5591FB07EBA31E3A2C05 /* Pods-SudoNotification-TestApp.debug.xcconfig */;
			buildSettings = {
				ASSETCATALOG_COMPILER_APPICON_NAME = AppIcon;
				ASSETCATALOG_COMPILER_GLOBAL_ACCENT_COLOR_NAME = AccentColor;
				CODE_SIGN_STYLE = Automatic;
				CURRENT_PROJECT_VERSION = 1;
				DEVELOPMENT_ASSET_PATHS = "\"TestApp/Preview Content\"";
				ENABLE_PREVIEWS = YES;
				GENERATE_INFOPLIST_FILE = YES;
				INFOPLIST_KEY_UIApplicationSceneManifest_Generation = YES;
				INFOPLIST_KEY_UIApplicationSupportsIndirectInputEvents = YES;
				INFOPLIST_KEY_UILaunchScreen_Generation = YES;
				INFOPLIST_KEY_UISupportedInterfaceOrientations_iPad = "UIInterfaceOrientationPortrait UIInterfaceOrientationPortraitUpsideDown UIInterfaceOrientationLandscapeLeft UIInterfaceOrientationLandscapeRight";
				INFOPLIST_KEY_UISupportedInterfaceOrientations_iPhone = "UIInterfaceOrientationPortrait UIInterfaceOrientationLandscapeLeft UIInterfaceOrientationLandscapeRight";
				IPHONEOS_DEPLOYMENT_TARGET = 15.0;
				LD_RUNPATH_SEARCH_PATHS = (
					"$(inherited)",
					"@executable_path/Frameworks",
				);
				MARKETING_VERSION = 1.0;
				PRODUCT_BUNDLE_IDENTIFIER = com.sudoplatform.TestApp;
				PRODUCT_NAME = "$(TARGET_NAME)";
				SDKROOT = iphoneos;
				SUPPORTED_PLATFORMS = "iphoneos iphonesimulator";
				SUPPORTS_MACCATALYST = NO;
				SUPPORTS_MAC_DESIGNED_FOR_IPHONE_IPAD = NO;
				SUPPORTS_XR_DESIGNED_FOR_IPHONE_IPAD = NO;
				SWIFT_EMIT_LOC_STRINGS = YES;
				SWIFT_VERSION = 5.0;
				TARGETED_DEVICE_FAMILY = "1,2";
			};
			name = Debug;
		};
		24D1505729A5717B0032F08D /* Release */ = {
			isa = XCBuildConfiguration;
			baseConfigurationReference = 52CDF10AB056F28234B055BB /* Pods-SudoNotification-TestApp.release.xcconfig */;
			buildSettings = {
				ASSETCATALOG_COMPILER_APPICON_NAME = AppIcon;
				ASSETCATALOG_COMPILER_GLOBAL_ACCENT_COLOR_NAME = AccentColor;
				CODE_SIGN_STYLE = Automatic;
				CURRENT_PROJECT_VERSION = 1;
				DEVELOPMENT_ASSET_PATHS = "\"TestApp/Preview Content\"";
				ENABLE_PREVIEWS = YES;
				GENERATE_INFOPLIST_FILE = YES;
				INFOPLIST_KEY_UIApplicationSceneManifest_Generation = YES;
				INFOPLIST_KEY_UIApplicationSupportsIndirectInputEvents = YES;
				INFOPLIST_KEY_UILaunchScreen_Generation = YES;
				INFOPLIST_KEY_UISupportedInterfaceOrientations_iPad = "UIInterfaceOrientationPortrait UIInterfaceOrientationPortraitUpsideDown UIInterfaceOrientationLandscapeLeft UIInterfaceOrientationLandscapeRight";
				INFOPLIST_KEY_UISupportedInterfaceOrientations_iPhone = "UIInterfaceOrientationPortrait UIInterfaceOrientationLandscapeLeft UIInterfaceOrientationLandscapeRight";
				IPHONEOS_DEPLOYMENT_TARGET = 15.0;
				LD_RUNPATH_SEARCH_PATHS = (
					"$(inherited)",
					"@executable_path/Frameworks",
				);
				MARKETING_VERSION = 1.0;
				PRODUCT_BUNDLE_IDENTIFIER = com.sudoplatform.TestApp;
				PRODUCT_NAME = "$(TARGET_NAME)";
				SDKROOT = iphoneos;
				SUPPORTED_PLATFORMS = "iphoneos iphonesimulator";
				SUPPORTS_MACCATALYST = NO;
				SUPPORTS_MAC_DESIGNED_FOR_IPHONE_IPAD = NO;
				SUPPORTS_XR_DESIGNED_FOR_IPHONE_IPAD = NO;
				SWIFT_EMIT_LOC_STRINGS = YES;
				SWIFT_VERSION = 5.0;
				TARGETED_DEVICE_FAMILY = "1,2";
				VALIDATE_PRODUCT = YES;
			};
			name = Release;
		};
		24D1508929A57A9F0032F08D /* Debug */ = {
			isa = XCBuildConfiguration;
			baseConfigurationReference = 2E3CDACAAD8011629E72EEC9 /* Pods-SudoNotification.debug.xcconfig */;
			buildSettings = {
				CLANG_ENABLE_MODULES = YES;
				CODE_SIGN_STYLE = Automatic;
				CURRENT_PROJECT_VERSION = 1;
				DEFINES_MODULE = YES;
				DYLIB_COMPATIBILITY_VERSION = 1;
				DYLIB_CURRENT_VERSION = 1;
				DYLIB_INSTALL_NAME_BASE = "@rpath";
				GENERATE_INFOPLIST_FILE = YES;
				INFOPLIST_KEY_NSHumanReadableCopyright = "";
				INSTALL_PATH = "$(LOCAL_LIBRARY_DIR)/Frameworks";
				IPHONEOS_DEPLOYMENT_TARGET = 15.0;
				LD_RUNPATH_SEARCH_PATHS = (
					"$(inherited)",
					"@executable_path/Frameworks",
					"@loader_path/Frameworks",
				);
				MARKETING_VERSION = 1.0;
				PRODUCT_BUNDLE_IDENTIFIER = com.sudoplatform.SudoNotification;
				PRODUCT_NAME = "$(TARGET_NAME:c99extidentifier)";
				SDKROOT = iphoneos;
				SKIP_INSTALL = YES;
				SUPPORTED_PLATFORMS = "iphoneos iphonesimulator";
				SUPPORTS_MACCATALYST = NO;
				SUPPORTS_MAC_DESIGNED_FOR_IPHONE_IPAD = NO;
				SUPPORTS_XR_DESIGNED_FOR_IPHONE_IPAD = NO;
				SWIFT_EMIT_LOC_STRINGS = YES;
				SWIFT_OPTIMIZATION_LEVEL = "-Onone";
				SWIFT_VERSION = 5.0;
				TARGETED_DEVICE_FAMILY = "1,2";
				VERSIONING_SYSTEM = "apple-generic";
				VERSION_INFO_PREFIX = "";
			};
			name = Debug;
		};
		24D1508A29A57A9F0032F08D /* Release */ = {
			isa = XCBuildConfiguration;
			baseConfigurationReference = DEE9553D507BBEAEF7A2A0A5 /* Pods-SudoNotification.release.xcconfig */;
			buildSettings = {
				CLANG_ENABLE_MODULES = YES;
				CODE_SIGN_STYLE = Automatic;
				CURRENT_PROJECT_VERSION = 1;
				DEFINES_MODULE = YES;
				DYLIB_COMPATIBILITY_VERSION = 1;
				DYLIB_CURRENT_VERSION = 1;
				DYLIB_INSTALL_NAME_BASE = "@rpath";
				GENERATE_INFOPLIST_FILE = YES;
				INFOPLIST_KEY_NSHumanReadableCopyright = "";
				INSTALL_PATH = "$(LOCAL_LIBRARY_DIR)/Frameworks";
				IPHONEOS_DEPLOYMENT_TARGET = 15.0;
				LD_RUNPATH_SEARCH_PATHS = (
					"$(inherited)",
					"@executable_path/Frameworks",
					"@loader_path/Frameworks",
				);
				MARKETING_VERSION = 1.0;
				PRODUCT_BUNDLE_IDENTIFIER = com.sudoplatform.SudoNotification;
				PRODUCT_NAME = "$(TARGET_NAME:c99extidentifier)";
				SDKROOT = iphoneos;
				SKIP_INSTALL = YES;
				SUPPORTED_PLATFORMS = "iphoneos iphonesimulator";
				SUPPORTS_MACCATALYST = NO;
				SUPPORTS_MAC_DESIGNED_FOR_IPHONE_IPAD = NO;
				SUPPORTS_XR_DESIGNED_FOR_IPHONE_IPAD = NO;
				SWIFT_EMIT_LOC_STRINGS = YES;
				SWIFT_VERSION = 5.0;
				TARGETED_DEVICE_FAMILY = "1,2";
				VALIDATE_PRODUCT = YES;
				VERSIONING_SYSTEM = "apple-generic";
				VERSION_INFO_PREFIX = "";
			};
			name = Release;
		};
		5D86DC4D2C19BF200061BF58 /* Debug */ = {
			isa = XCBuildConfiguration;
			baseConfigurationReference = F63371D7960C4E3A3016D733 /* Pods-SudoNotificationExtension-TestExtensionApp.debug.xcconfig */;
			buildSettings = {
				ASSETCATALOG_COMPILER_APPICON_NAME = AppIcon;
				ASSETCATALOG_COMPILER_GLOBAL_ACCENT_COLOR_NAME = AccentColor;
				CODE_SIGN_STYLE = Automatic;
				CURRENT_PROJECT_VERSION = 1;
				DEVELOPMENT_ASSET_PATHS = "\"TestApp/Preview Content\"";
				ENABLE_PREVIEWS = YES;
				GENERATE_INFOPLIST_FILE = YES;
				INFOPLIST_KEY_UIApplicationSceneManifest_Generation = YES;
				INFOPLIST_KEY_UIApplicationSupportsIndirectInputEvents = YES;
				INFOPLIST_KEY_UILaunchScreen_Generation = YES;
				INFOPLIST_KEY_UISupportedInterfaceOrientations_iPad = "UIInterfaceOrientationPortrait UIInterfaceOrientationPortraitUpsideDown UIInterfaceOrientationLandscapeLeft UIInterfaceOrientationLandscapeRight";
				INFOPLIST_KEY_UISupportedInterfaceOrientations_iPhone = "UIInterfaceOrientationPortrait UIInterfaceOrientationLandscapeLeft UIInterfaceOrientationLandscapeRight";
				IPHONEOS_DEPLOYMENT_TARGET = 15.0;
				LD_RUNPATH_SEARCH_PATHS = (
					"$(inherited)",
					"@executable_path/Frameworks",
				);
				MARKETING_VERSION = 1.0;
				PRODUCT_BUNDLE_IDENTIFIER = com.sudoplatform.TestApp;
				PRODUCT_NAME = "$(TARGET_NAME)";
				SDKROOT = iphoneos;
				SUPPORTED_PLATFORMS = "iphoneos iphonesimulator";
				SUPPORTS_MACCATALYST = NO;
				SUPPORTS_MAC_DESIGNED_FOR_IPHONE_IPAD = NO;
				SUPPORTS_XR_DESIGNED_FOR_IPHONE_IPAD = NO;
				SWIFT_EMIT_LOC_STRINGS = YES;
				SWIFT_VERSION = 5.0;
				TARGETED_DEVICE_FAMILY = "1,2";
			};
			name = Debug;
		};
		5D86DC4E2C19BF200061BF58 /* Release */ = {
			isa = XCBuildConfiguration;
			baseConfigurationReference = 64BE347292E51C086B15247B /* Pods-SudoNotificationExtension-TestExtensionApp.release.xcconfig */;
			buildSettings = {
				ASSETCATALOG_COMPILER_APPICON_NAME = AppIcon;
				ASSETCATALOG_COMPILER_GLOBAL_ACCENT_COLOR_NAME = AccentColor;
				CODE_SIGN_STYLE = Automatic;
				CURRENT_PROJECT_VERSION = 1;
				DEVELOPMENT_ASSET_PATHS = "\"TestApp/Preview Content\"";
				ENABLE_PREVIEWS = YES;
				GENERATE_INFOPLIST_FILE = YES;
				INFOPLIST_KEY_UIApplicationSceneManifest_Generation = YES;
				INFOPLIST_KEY_UIApplicationSupportsIndirectInputEvents = YES;
				INFOPLIST_KEY_UILaunchScreen_Generation = YES;
				INFOPLIST_KEY_UISupportedInterfaceOrientations_iPad = "UIInterfaceOrientationPortrait UIInterfaceOrientationPortraitUpsideDown UIInterfaceOrientationLandscapeLeft UIInterfaceOrientationLandscapeRight";
				INFOPLIST_KEY_UISupportedInterfaceOrientations_iPhone = "UIInterfaceOrientationPortrait UIInterfaceOrientationLandscapeLeft UIInterfaceOrientationLandscapeRight";
				IPHONEOS_DEPLOYMENT_TARGET = 15.0;
				LD_RUNPATH_SEARCH_PATHS = (
					"$(inherited)",
					"@executable_path/Frameworks",
				);
				MARKETING_VERSION = 1.0;
				PRODUCT_BUNDLE_IDENTIFIER = com.sudoplatform.TestApp;
				PRODUCT_NAME = "$(TARGET_NAME)";
				SDKROOT = iphoneos;
				SUPPORTED_PLATFORMS = "iphoneos iphonesimulator";
				SUPPORTS_MACCATALYST = NO;
				SUPPORTS_MAC_DESIGNED_FOR_IPHONE_IPAD = NO;
				SUPPORTS_XR_DESIGNED_FOR_IPHONE_IPAD = NO;
				SWIFT_EMIT_LOC_STRINGS = YES;
				SWIFT_VERSION = 5.0;
				TARGETED_DEVICE_FAMILY = "1,2";
				VALIDATE_PRODUCT = YES;
			};
			name = Release;
		};
		5D86DC6B2C19BF530061BF58 /* Debug */ = {
			isa = XCBuildConfiguration;
			baseConfigurationReference = 295432D2B8E53121703F824C /* Pods-SudoNotificationExtension.debug.xcconfig */;
			buildSettings = {
				ASSETCATALOG_COMPILER_GENERATE_SWIFT_ASSET_SYMBOL_EXTENSIONS = YES;
				BUILD_LIBRARY_FOR_DISTRIBUTION = YES;
				CODE_SIGN_STYLE = Automatic;
				CURRENT_PROJECT_VERSION = 1;
				DEFINES_MODULE = YES;
				DYLIB_COMPATIBILITY_VERSION = 1;
				DYLIB_CURRENT_VERSION = 1;
				DYLIB_INSTALL_NAME_BASE = "@rpath";
				ENABLE_MODULE_VERIFIER = YES;
				GCC_C_LANGUAGE_STANDARD = gnu17;
				GENERATE_INFOPLIST_FILE = YES;
				INFOPLIST_KEY_NSHumanReadableCopyright = "";
				INSTALL_PATH = "$(LOCAL_LIBRARY_DIR)/Frameworks";
				IPHONEOS_DEPLOYMENT_TARGET = 15.0;
				LD_RUNPATH_SEARCH_PATHS = (
					"$(inherited)",
					"@executable_path/Frameworks",
					"@loader_path/Frameworks",
				);
				LOCALIZATION_PREFERS_STRING_CATALOGS = YES;
				MARKETING_VERSION = 1.0;
				MODULE_VERIFIER_SUPPORTED_LANGUAGES = "objective-c objective-c++";
				MODULE_VERIFIER_SUPPORTED_LANGUAGE_STANDARDS = "gnu17 gnu++20";
				PRODUCT_BUNDLE_IDENTIFIER = com.sudoplatform.EmailExample.SudoNotificationExtension;
				PRODUCT_NAME = "$(TARGET_NAME:c99extidentifier)";
				SDKROOT = iphoneos;
				SKIP_INSTALL = YES;
				SUPPORTED_PLATFORMS = "iphoneos iphonesimulator";
				SUPPORTS_MACCATALYST = NO;
				SUPPORTS_MAC_DESIGNED_FOR_IPHONE_IPAD = NO;
				SUPPORTS_XR_DESIGNED_FOR_IPHONE_IPAD = NO;
				SWIFT_ACTIVE_COMPILATION_CONDITIONS = "DEBUG $(inherited)";
				SWIFT_EMIT_LOC_STRINGS = YES;
				SWIFT_INSTALL_OBJC_HEADER = NO;
				SWIFT_VERSION = 5.0;
				TARGETED_DEVICE_FAMILY = "1,2";
				VERSIONING_SYSTEM = "apple-generic";
				VERSION_INFO_PREFIX = "";
			};
			name = Debug;
		};
		5D86DC6C2C19BF530061BF58 /* Release */ = {
			isa = XCBuildConfiguration;
			baseConfigurationReference = 146905B7E67F87DA54B45ADF /* Pods-SudoNotificationExtension.release.xcconfig */;
			buildSettings = {
				ASSETCATALOG_COMPILER_GENERATE_SWIFT_ASSET_SYMBOL_EXTENSIONS = YES;
				BUILD_LIBRARY_FOR_DISTRIBUTION = YES;
				CODE_SIGN_STYLE = Automatic;
				CURRENT_PROJECT_VERSION = 1;
				DEFINES_MODULE = YES;
				DYLIB_COMPATIBILITY_VERSION = 1;
				DYLIB_CURRENT_VERSION = 1;
				DYLIB_INSTALL_NAME_BASE = "@rpath";
				ENABLE_MODULE_VERIFIER = YES;
				GCC_C_LANGUAGE_STANDARD = gnu17;
				GENERATE_INFOPLIST_FILE = YES;
				INFOPLIST_KEY_NSHumanReadableCopyright = "";
				INSTALL_PATH = "$(LOCAL_LIBRARY_DIR)/Frameworks";
				IPHONEOS_DEPLOYMENT_TARGET = 15.0;
				LD_RUNPATH_SEARCH_PATHS = (
					"$(inherited)",
					"@executable_path/Frameworks",
					"@loader_path/Frameworks",
				);
				LOCALIZATION_PREFERS_STRING_CATALOGS = YES;
				MARKETING_VERSION = 1.0;
				MODULE_VERIFIER_SUPPORTED_LANGUAGES = "objective-c objective-c++";
				MODULE_VERIFIER_SUPPORTED_LANGUAGE_STANDARDS = "gnu17 gnu++20";
				PRODUCT_BUNDLE_IDENTIFIER = com.sudoplatform.EmailExample.SudoNotificationExtension;
				PRODUCT_NAME = "$(TARGET_NAME:c99extidentifier)";
				SDKROOT = iphoneos;
				SKIP_INSTALL = YES;
				SUPPORTED_PLATFORMS = "iphoneos iphonesimulator";
				SUPPORTS_MACCATALYST = NO;
				SUPPORTS_MAC_DESIGNED_FOR_IPHONE_IPAD = NO;
				SUPPORTS_XR_DESIGNED_FOR_IPHONE_IPAD = NO;
				SWIFT_EMIT_LOC_STRINGS = YES;
				SWIFT_INSTALL_OBJC_HEADER = NO;
				SWIFT_VERSION = 5.0;
				TARGETED_DEVICE_FAMILY = "1,2";
				VALIDATE_PRODUCT = YES;
				VERSIONING_SYSTEM = "apple-generic";
				VERSION_INFO_PREFIX = "";
			};
			name = Release;
		};
		5D86DC6F2C19BF530061BF58 /* Debug */ = {
			isa = XCBuildConfiguration;
			baseConfigurationReference = 7CF3F09395B259EF2A785852 /* Pods-SudoNotificationExtension-SudoNotificationExtensionTests.debug.xcconfig */;
			buildSettings = {
				ASSETCATALOG_COMPILER_GENERATE_SWIFT_ASSET_SYMBOL_EXTENSIONS = YES;
				CODE_SIGN_STYLE = Automatic;
				CURRENT_PROJECT_VERSION = 1;
				GCC_C_LANGUAGE_STANDARD = gnu17;
				GENERATE_INFOPLIST_FILE = YES;
				IPHONEOS_DEPLOYMENT_TARGET = 15.0;
				LOCALIZATION_PREFERS_STRING_CATALOGS = YES;
				MARKETING_VERSION = 1.0;
				PRODUCT_BUNDLE_IDENTIFIER = com.sudoplatform.EmailExample.SudoNotificationExtensionTests;
				PRODUCT_NAME = "$(TARGET_NAME)";
				SDKROOT = iphoneos;
				SUPPORTED_PLATFORMS = "iphoneos iphonesimulator";
				SUPPORTS_MACCATALYST = NO;
				SUPPORTS_MAC_DESIGNED_FOR_IPHONE_IPAD = NO;
				SUPPORTS_XR_DESIGNED_FOR_IPHONE_IPAD = NO;
				SWIFT_ACTIVE_COMPILATION_CONDITIONS = "DEBUG $(inherited)";
				SWIFT_EMIT_LOC_STRINGS = NO;
				SWIFT_VERSION = 5.0;
				TARGETED_DEVICE_FAMILY = "1,2";
				TEST_HOST = "$(BUILT_PRODUCTS_DIR)/TestExtensionApp.app/$(BUNDLE_EXECUTABLE_FOLDER_PATH)/TestExtensionApp";
			};
			name = Debug;
		};
		5D86DC702C19BF530061BF58 /* Release */ = {
			isa = XCBuildConfiguration;
			baseConfigurationReference = 1E0519F5DFA19302191C427A /* Pods-SudoNotificationExtension-SudoNotificationExtensionTests.release.xcconfig */;
			buildSettings = {
				ASSETCATALOG_COMPILER_GENERATE_SWIFT_ASSET_SYMBOL_EXTENSIONS = YES;
				CODE_SIGN_STYLE = Automatic;
				CURRENT_PROJECT_VERSION = 1;
				GCC_C_LANGUAGE_STANDARD = gnu17;
				GENERATE_INFOPLIST_FILE = YES;
				IPHONEOS_DEPLOYMENT_TARGET = 15.0;
				LOCALIZATION_PREFERS_STRING_CATALOGS = YES;
				MARKETING_VERSION = 1.0;
				PRODUCT_BUNDLE_IDENTIFIER = com.sudoplatform.EmailExample.SudoNotificationExtensionTests;
				PRODUCT_NAME = "$(TARGET_NAME)";
				SDKROOT = iphoneos;
				SUPPORTED_PLATFORMS = "iphoneos iphonesimulator";
				SUPPORTS_MACCATALYST = NO;
				SUPPORTS_MAC_DESIGNED_FOR_IPHONE_IPAD = NO;
				SUPPORTS_XR_DESIGNED_FOR_IPHONE_IPAD = NO;
				SWIFT_EMIT_LOC_STRINGS = NO;
				SWIFT_VERSION = 5.0;
				TARGETED_DEVICE_FAMILY = "1,2";
				TEST_HOST = "$(BUILT_PRODUCTS_DIR)/TestExtensionApp.app/$(BUNDLE_EXECUTABLE_FOLDER_PATH)/TestExtensionApp";
				VALIDATE_PRODUCT = YES;
			};
			name = Release;
		};
/* End XCBuildConfiguration section */

/* Begin XCConfigurationList section */
		24ACC91129C8E4B10043AEA0 /* Build configuration list for PBXNativeTarget "SudoNotificationIntegrationTests" */ = {
			isa = XCConfigurationList;
			buildConfigurations = (
				24ACC90F29C8E4B10043AEA0 /* Debug */,
				24ACC91029C8E4B10043AEA0 /* Release */,
			);
			defaultConfigurationIsVisible = 0;
			defaultConfigurationName = Release;
		};
		24D1500829A56FA90032F08D /* Build configuration list for PBXProject "SudoNotification" */ = {
			isa = XCConfigurationList;
			buildConfigurations = (
				24D1503029A56FAB0032F08D /* Debug */,
				24D1503129A56FAB0032F08D /* Release */,
			);
			defaultConfigurationIsVisible = 0;
			defaultConfigurationName = Release;
		};
		24D1503529A56FAB0032F08D /* Build configuration list for PBXNativeTarget "SudoNotificationTests" */ = {
			isa = XCConfigurationList;
			buildConfigurations = (
				24D1503629A56FAB0032F08D /* Debug */,
				24D1503729A56FAB0032F08D /* Release */,
			);
			defaultConfigurationIsVisible = 0;
			defaultConfigurationName = Release;
		};
		24D1505529A5717B0032F08D /* Build configuration list for PBXNativeTarget "TestApp" */ = {
			isa = XCConfigurationList;
			buildConfigurations = (
				24D1505629A5717B0032F08D /* Debug */,
				24D1505729A5717B0032F08D /* Release */,
			);
			defaultConfigurationIsVisible = 0;
			defaultConfigurationName = Release;
		};
		24D1508829A57A9F0032F08D /* Build configuration list for PBXNativeTarget "SudoNotification" */ = {
			isa = XCConfigurationList;
			buildConfigurations = (
				24D1508929A57A9F0032F08D /* Debug */,
				24D1508A29A57A9F0032F08D /* Release */,
			);
			defaultConfigurationIsVisible = 0;
			defaultConfigurationName = Release;
		};
		5D86DC4C2C19BF200061BF58 /* Build configuration list for PBXNativeTarget "TestExtensionApp" */ = {
			isa = XCConfigurationList;
			buildConfigurations = (
				5D86DC4D2C19BF200061BF58 /* Debug */,
				5D86DC4E2C19BF200061BF58 /* Release */,
			);
			defaultConfigurationIsVisible = 0;
			defaultConfigurationName = Release;
		};
		5D86DC6A2C19BF530061BF58 /* Build configuration list for PBXNativeTarget "SudoNotificationExtension" */ = {
			isa = XCConfigurationList;
			buildConfigurations = (
				5D86DC6B2C19BF530061BF58 /* Debug */,
				5D86DC6C2C19BF530061BF58 /* Release */,
			);
			defaultConfigurationIsVisible = 0;
			defaultConfigurationName = Release;
		};
		5D86DC6E2C19BF530061BF58 /* Build configuration list for PBXNativeTarget "SudoNotificationExtensionTests" */ = {
			isa = XCConfigurationList;
			buildConfigurations = (
				5D86DC6F2C19BF530061BF58 /* Debug */,
				5D86DC702C19BF530061BF58 /* Release */,
			);
			defaultConfigurationIsVisible = 0;
			defaultConfigurationName = Release;
		};
/* End XCConfigurationList section */
	};
	rootObject = 24D1500529A56FA90032F08D /* Project object */;
}
